PODS:
  - AFNetworking (1.3.0)
  - BPBarButtonItem (0.0.3)
  - FontAwesomeKit (1.1.2)
  - InAppSettingsKit (1.1)
  - TTTAttributedLabel (1.7.0)
  - YRDropdownView (0.2.1)

DEPENDENCIES:
  - AFNetworking (~> 1.3.0)
  - BPBarButtonItem (~> 0.0.3)
  - FontAwesomeKit (~> 1.1.2)
  - InAppSettingsKit (~> 1.1)
  - TTTAttributedLabel (~> 1.7.0)
  - YRDropdownView (from `https://github.com/iOctocat/YRDropdownView`)

EXTERNAL SOURCES:
  YRDropdownView:
    :git: https://github.com/iOctocat/YRDropdownView

SPEC CHECKSUMS:
  AFNetworking: e528f20d06b1b818c3571266fb5efa20031a8ace
  BPBarButtonItem: ba8cdbd62cf63cb203a3a101384540c78a12c60f
  FontAwesomeKit: ee3b0f8795bb8ab490d1f55b584004c29aa77b6d
  InAppSettingsKit: cf2c4193c3269d6acf996f7975f310d18a5e1e3c
  TTTAttributedLabel: c148a21987b28b3064bc9a96cea2385e610383bf
  YRDropdownView: 2a824eee75b10dd70fe21f9693c46a8309f9cc6e

COCOAPODS: 0.20.2
