// !$*UTF8*$!
{
	archiveVersion = 1;
	classes = {
	};
	objectVersion = 46;
	objects = {

/* Begin PBXBuildFile section */
		0209E13A157951300073385D /* ASIAuthenticationDialog.m in Sources */ = {isa = PBXBuildFile; fileRef = 0209E127157951300073385D /* ASIAuthenticationDialog.m */; settings = {COMPILER_FLAGS = "-fno-objc-arc"; }; };
		0209E13B157951300073385D /* ASIAuthenticationDialog.m in Sources */ = {isa = PBXBuildFile; fileRef = 0209E127157951300073385D /* ASIAuthenticationDialog.m */; };
		0209E13C157951300073385D /* ASIDataCompressor.m in Sources */ = {isa = PBXBuildFile; fileRef = 0209E12A157951300073385D /* ASIDataCompressor.m */; settings = {COMPILER_FLAGS = "-fno-objc-arc"; }; };
		0209E13D157951300073385D /* ASIDataCompressor.m in Sources */ = {isa = PBXBuildFile; fileRef = 0209E12A157951300073385D /* ASIDataCompressor.m */; };
		0209E13E157951300073385D /* ASIDataDecompressor.m in Sources */ = {isa = PBXBuildFile; fileRef = 0209E12C157951300073385D /* ASIDataDecompressor.m */; settings = {COMPILER_FLAGS = "-fno-objc-arc"; }; };
		0209E13F157951300073385D /* ASIDataDecompressor.m in Sources */ = {isa = PBXBuildFile; fileRef = 0209E12C157951300073385D /* ASIDataDecompressor.m */; };
		0209E140157951300073385D /* ASIDownloadCache.m in Sources */ = {isa = PBXBuildFile; fileRef = 0209E12E157951300073385D /* ASIDownloadCache.m */; settings = {COMPILER_FLAGS = "-fno-objc-arc"; }; };
		0209E141157951300073385D /* ASIDownloadCache.m in Sources */ = {isa = PBXBuildFile; fileRef = 0209E12E157951300073385D /* ASIDownloadCache.m */; };
		0209E142157951300073385D /* ASIFormDataRequest.m in Sources */ = {isa = PBXBuildFile; fileRef = 0209E130157951300073385D /* ASIFormDataRequest.m */; settings = {COMPILER_FLAGS = "-fno-objc-arc"; }; };
		0209E143157951300073385D /* ASIFormDataRequest.m in Sources */ = {isa = PBXBuildFile; fileRef = 0209E130157951300073385D /* ASIFormDataRequest.m */; };
		0209E144157951300073385D /* ASIHTTPRequest.m in Sources */ = {isa = PBXBuildFile; fileRef = 0209E132157951300073385D /* ASIHTTPRequest.m */; settings = {COMPILER_FLAGS = "-fno-objc-arc"; }; };
		0209E145157951300073385D /* ASIHTTPRequest.m in Sources */ = {isa = PBXBuildFile; fileRef = 0209E132157951300073385D /* ASIHTTPRequest.m */; };
		0209E146157951300073385D /* ASIInputStream.m in Sources */ = {isa = PBXBuildFile; fileRef = 0209E136157951300073385D /* ASIInputStream.m */; settings = {COMPILER_FLAGS = "-fno-objc-arc"; }; };
		0209E147157951300073385D /* ASIInputStream.m in Sources */ = {isa = PBXBuildFile; fileRef = 0209E136157951300073385D /* ASIInputStream.m */; };
		0209E148157951300073385D /* ASINetworkQueue.m in Sources */ = {isa = PBXBuildFile; fileRef = 0209E138157951300073385D /* ASINetworkQueue.m */; settings = {COMPILER_FLAGS = "-fno-objc-arc"; }; };
		0209E149157951300073385D /* ASINetworkQueue.m in Sources */ = {isa = PBXBuildFile; fileRef = 0209E138157951300073385D /* ASINetworkQueue.m */; };
		0209E14C157954270073385D /* Reachability.m in Sources */ = {isa = PBXBuildFile; fileRef = 0209E14B157954270073385D /* Reachability.m */; settings = {COMPILER_FLAGS = "-fno-objc-arc"; }; };
		0209E14D157954270073385D /* Reachability.m in Sources */ = {isa = PBXBuildFile; fileRef = 0209E14B157954270073385D /* Reachability.m */; };
		0209E14F157954C20073385D /* CFNetwork.framework in Frameworks */ = {isa = PBXBuildFile; fileRef = 0209E14E157954C20073385D /* CFNetwork.framework */; };
		0209E151157954C70073385D /* SystemConfiguration.framework in Frameworks */ = {isa = PBXBuildFile; fileRef = 0209E150157954C70073385D /* SystemConfiguration.framework */; };
		0209E153157954D00073385D /* MobileCoreServices.framework in Frameworks */ = {isa = PBXBuildFile; fileRef = 0209E152157954D00073385D /* MobileCoreServices.framework */; };
		0209E155157954DF0073385D /* libz.dylib in Frameworks */ = {isa = PBXBuildFile; fileRef = 0209E154157954DF0073385D /* libz.dylib */; };
		0209E15815795E6D0073385D /* UIImageView+ASIHTTPRequest.m in Sources */ = {isa = PBXBuildFile; fileRef = 0209E15715795E6D0073385D /* UIImageView+ASIHTTPRequest.m */; };
		0209E15915795E6D0073385D /* UIImageView+ASIHTTPRequest.m in Sources */ = {isa = PBXBuildFile; fileRef = 0209E15715795E6D0073385D /* UIImageView+ASIHTTPRequest.m */; };
		022D0CCF158349B80071F665 /* Localizable.strings in Resources */ = {isa = PBXBuildFile; fileRef = 022D0CCD158349B80071F665 /* Localizable.strings */; };
		022D0CE01583C4070071F665 /* item_set.png in Resources */ = {isa = PBXBuildFile; fileRef = 022D0CD41583C4070071F665 /* item_set.png */; };
		022D0CE11583C4070071F665 /* item_set@2x.png in Resources */ = {isa = PBXBuildFile; fileRef = 022D0CD51583C4070071F665 /* item_set@2x.png */; };
		022D0CE21583C4070071F665 /* kill_eater.png in Resources */ = {isa = PBXBuildFile; fileRef = 022D0CD61583C4070071F665 /* kill_eater.png */; };
		022D0CE31583C4070071F665 /* kill_eater@2x.png in Resources */ = {isa = PBXBuildFile; fileRef = 022D0CD71583C4070071F665 /* kill_eater@2x.png */; };
		022D0CE41583C4070071F665 /* origin.png in Resources */ = {isa = PBXBuildFile; fileRef = 022D0CD81583C4070071F665 /* origin.png */; };
		022D0CE51583C4070071F665 /* origin@2x.png in Resources */ = {isa = PBXBuildFile; fileRef = 022D0CD91583C4070071F665 /* origin@2x.png */; };
		022D0CE61583C4070071F665 /* quality.png in Resources */ = {isa = PBXBuildFile; fileRef = 022D0CDA1583C4070071F665 /* quality.png */; };
		022D0CE71583C4070071F665 /* quality@2x.png in Resources */ = {isa = PBXBuildFile; fileRef = 022D0CDB1583C4070071F665 /* quality@2x.png */; };
		022D0CE81583C4070071F665 /* settings.png in Resources */ = {isa = PBXBuildFile; fileRef = 022D0CDC1583C4070071F665 /* settings.png */; };
		022D0CE91583C4070071F665 /* settings@2x.png in Resources */ = {isa = PBXBuildFile; fileRef = 022D0CDD1583C4070071F665 /* settings@2x.png */; };
		022D0CEA1583C4070071F665 /* user.png in Resources */ = {isa = PBXBuildFile; fileRef = 022D0CDE1583C4070071F665 /* user.png */; };
		022D0CEB1583C4070071F665 /* user@2x.png in Resources */ = {isa = PBXBuildFile; fileRef = 022D0CDF1583C4070071F665 /* user@2x.png */; };
		022D0CEE158491BB0071F665 /* origin-iphone.png in Resources */ = {isa = PBXBuildFile; fileRef = 022D0CEC158491BB0071F665 /* origin-iphone.png */; };
		022D0CEF158491BB0071F665 /* origin-iphone@2x.png in Resources */ = {isa = PBXBuildFile; fileRef = 022D0CED158491BB0071F665 /* origin-iphone@2x.png */; };
		022D0CF6158494960071F665 /* item_set-iphone.png in Resources */ = {isa = PBXBuildFile; fileRef = 022D0CF0158494960071F665 /* item_set-iphone.png */; };
		022D0CF7158494960071F665 /* item_set-iphone@2x.png in Resources */ = {isa = PBXBuildFile; fileRef = 022D0CF1158494960071F665 /* item_set-iphone@2x.png */; };
		022D0CF8158494960071F665 /* kill_eater-iphone.png in Resources */ = {isa = PBXBuildFile; fileRef = 022D0CF2158494960071F665 /* kill_eater-iphone.png */; };
		022D0CF9158494960071F665 /* kill_eater-iphone@2x.png in Resources */ = {isa = PBXBuildFile; fileRef = 022D0CF3158494960071F665 /* kill_eater-iphone@2x.png */; };
		022D0CFA158494960071F665 /* quality-iphone.png in Resources */ = {isa = PBXBuildFile; fileRef = 022D0CF4158494960071F665 /* quality-iphone.png */; };
		022D0CFB158494960071F665 /* quality-iphone@2x.png in Resources */ = {isa = PBXBuildFile; fileRef = 022D0CF5158494960071F665 /* quality-iphone@2x.png */; };
		0255A148155D9BE20092741E /* SCItem.m in Sources */ = {isa = PBXBuildFile; fileRef = 0255A147155D9BE20092741E /* SCItem.m */; };
		0255A14C155D9BF80092741E /* SCSchema.m in Sources */ = {isa = PBXBuildFile; fileRef = 0255A14B155D9BF80092741E /* SCSchema.m */; };
		026F215C156ADA1F00C7BD54 /* SCClassImageView.m in Sources */ = {isa = PBXBuildFile; fileRef = 026F215B156ADA1F00C7BD54 /* SCClassImageView.m */; };
		028B640B15265D690040D2FF /* UIKit.framework in Frameworks */ = {isa = PBXBuildFile; fileRef = 028B640A15265D690040D2FF /* UIKit.framework */; };
		028B640D15265D690040D2FF /* Foundation.framework in Frameworks */ = {isa = PBXBuildFile; fileRef = 028B640C15265D690040D2FF /* Foundation.framework */; };
		028B640F15265D690040D2FF /* CoreGraphics.framework in Frameworks */ = {isa = PBXBuildFile; fileRef = 028B640E15265D690040D2FF /* CoreGraphics.framework */; };
		028B641515265D690040D2FF /* InfoPlist.strings in Resources */ = {isa = PBXBuildFile; fileRef = 028B641315265D690040D2FF /* InfoPlist.strings */; };
		028B641715265D690040D2FF /* main.m in Sources */ = {isa = PBXBuildFile; fileRef = 028B641615265D690040D2FF /* main.m */; };
		028B641E15265D690040D2FF /* MainStoryboard_iPhone.storyboard in Resources */ = {isa = PBXBuildFile; fileRef = 028B641C15265D690040D2FF /* MainStoryboard_iPhone.storyboard */; };
		028B642115265D690040D2FF /* MainStoryboard_iPad.storyboard in Resources */ = {isa = PBXBuildFile; fileRef = 028B641F15265D690040D2FF /* MainStoryboard_iPad.storyboard */; };
		028B642F15265D690040D2FF /* SenTestingKit.framework in Frameworks */ = {isa = PBXBuildFile; fileRef = 028B642E15265D690040D2FF /* SenTestingKit.framework */; };
		028B643015265D690040D2FF /* UIKit.framework in Frameworks */ = {isa = PBXBuildFile; fileRef = 028B640A15265D690040D2FF /* UIKit.framework */; };
		028B643115265D690040D2FF /* Foundation.framework in Frameworks */ = {isa = PBXBuildFile; fileRef = 028B640C15265D690040D2FF /* Foundation.framework */; };
		028B643915265D690040D2FF /* InfoPlist.strings in Resources */ = {isa = PBXBuildFile; fileRef = 028B643715265D690040D2FF /* InfoPlist.strings */; };
		028B643C15265D690040D2FF /* SuitcaseTests.m in Sources */ = {isa = PBXBuildFile; fileRef = 028B643B15265D690040D2FF /* SuitcaseTests.m */; };
		028B64931526761C0040D2FF /* SCAppDelegate.m in Sources */ = {isa = PBXBuildFile; fileRef = 028B648E1526761C0040D2FF /* SCAppDelegate.m */; };
		028B64941526761C0040D2FF /* SCAppDelegate.m in Sources */ = {isa = PBXBuildFile; fileRef = 028B648E1526761C0040D2FF /* SCAppDelegate.m */; };
		028B64951526761C0040D2FF /* SCDetailViewController.m in Sources */ = {isa = PBXBuildFile; fileRef = 028B64901526761C0040D2FF /* SCDetailViewController.m */; };
		028B64961526761C0040D2FF /* SCDetailViewController.m in Sources */ = {isa = PBXBuildFile; fileRef = 028B64901526761C0040D2FF /* SCDetailViewController.m */; };
		028B64971526761C0040D2FF /* SCMasterViewController.m in Sources */ = {isa = PBXBuildFile; fileRef = 028B64921526761C0040D2FF /* SCMasterViewController.m */; };
		028B64981526761C0040D2FF /* SCMasterViewController.m in Sources */ = {isa = PBXBuildFile; fileRef = 028B64921526761C0040D2FF /* SCMasterViewController.m */; };
		0295DAC0152A44CC00B18882 /* SCSteamIdFormController.m in Sources */ = {isa = PBXBuildFile; fileRef = 0295DABF152A44CC00B18882 /* SCSteamIdFormController.m */; };
		02CFAACE157818730086E34B /* Icon.png in Resources */ = {isa = PBXBuildFile; fileRef = 02CFAACD157818730086E34B /* Icon.png */; };
		02CFAAD0157818760086E34B /* Icon@2x.png in Resources */ = {isa = PBXBuildFile; fileRef = 02CFAACF157818760086E34B /* Icon@2x.png */; };
		02CFAAD2157818820086E34B /* Icon-72.png in Resources */ = {isa = PBXBuildFile; fileRef = 02CFAAD1157818820086E34B /* Icon-72.png */; };
		02D2E126157FCEA300DFBF7B /* Icon-72@2x.png in Resources */ = {isa = PBXBuildFile; fileRef = 02D2E125157FCEA300DFBF7B /* Icon-72@2x.png */; };
		02DDB4861582A9E0004DB9D8 /* QuartzCore.framework in Frameworks */ = {isa = PBXBuildFile; fileRef = 02DDB4851582A9E0004DB9D8 /* QuartzCore.framework */; };
		02F37EC0158014EE00BFB1B5 /* TTTAttributedLabel.m in Sources */ = {isa = PBXBuildFile; fileRef = 02F37EBF158014EE00BFB1B5 /* TTTAttributedLabel.m */; };
		02F37EC41580152300BFB1B5 /* CoreText.framework in Frameworks */ = {isa = PBXBuildFile; fileRef = 02F37EC31580152300BFB1B5 /* CoreText.framework */; };
		02F37EC515811ECD00BFB1B5 /* TTTAttributedLabel.m in Sources */ = {isa = PBXBuildFile; fileRef = 02F37EBF158014EE00BFB1B5 /* TTTAttributedLabel.m */; settings = {COMPILER_FLAGS = "-fno-objc-arc"; }; };
/* End PBXBuildFile section */

/* Begin PBXContainerItemProxy section */
		028B643215265D690040D2FF /* PBXContainerItemProxy */ = {
			isa = PBXContainerItemProxy;
			containerPortal = 028B63FD15265D680040D2FF /* Project object */;
			proxyType = 1;
			remoteGlobalIDString = 028B640515265D680040D2FF;
			remoteInfo = Suitcase;
		};
/* End PBXContainerItemProxy section */

/* Begin PBXFileReference section */
		0209E126157951300073385D /* ASIAuthenticationDialog.h */ = {isa = PBXFileReference; fileEncoding = 4; lastKnownFileType = sourcecode.c.h; name = ASIAuthenticationDialog.h; path = Classes/External/ASIHTTPRequest/Classes/ASIAuthenticationDialog.h; sourceTree = "<group>"; };
		0209E127157951300073385D /* ASIAuthenticationDialog.m */ = {isa = PBXFileReference; fileEncoding = 4; lastKnownFileType = sourcecode.c.objc; name = ASIAuthenticationDialog.m; path = Classes/External/ASIHTTPRequest/Classes/ASIAuthenticationDialog.m; sourceTree = "<group>"; };
		0209E128157951300073385D /* ASICacheDelegate.h */ = {isa = PBXFileReference; fileEncoding = 4; lastKnownFileType = sourcecode.c.h; name = ASICacheDelegate.h; path = Classes/External/ASIHTTPRequest/Classes/ASICacheDelegate.h; sourceTree = "<group>"; };
		0209E129157951300073385D /* ASIDataCompressor.h */ = {isa = PBXFileReference; fileEncoding = 4; lastKnownFileType = sourcecode.c.h; name = ASIDataCompressor.h; path = Classes/External/ASIHTTPRequest/Classes/ASIDataCompressor.h; sourceTree = "<group>"; };
		0209E12A157951300073385D /* ASIDataCompressor.m */ = {isa = PBXFileReference; fileEncoding = 4; lastKnownFileType = sourcecode.c.objc; name = ASIDataCompressor.m; path = Classes/External/ASIHTTPRequest/Classes/ASIDataCompressor.m; sourceTree = "<group>"; };
		0209E12B157951300073385D /* ASIDataDecompressor.h */ = {isa = PBXFileReference; fileEncoding = 4; lastKnownFileType = sourcecode.c.h; name = ASIDataDecompressor.h; path = Classes/External/ASIHTTPRequest/Classes/ASIDataDecompressor.h; sourceTree = "<group>"; };
		0209E12C157951300073385D /* ASIDataDecompressor.m */ = {isa = PBXFileReference; fileEncoding = 4; lastKnownFileType = sourcecode.c.objc; name = ASIDataDecompressor.m; path = Classes/External/ASIHTTPRequest/Classes/ASIDataDecompressor.m; sourceTree = "<group>"; };
		0209E12D157951300073385D /* ASIDownloadCache.h */ = {isa = PBXFileReference; fileEncoding = 4; lastKnownFileType = sourcecode.c.h; name = ASIDownloadCache.h; path = Classes/External/ASIHTTPRequest/Classes/ASIDownloadCache.h; sourceTree = "<group>"; };
		0209E12E157951300073385D /* ASIDownloadCache.m */ = {isa = PBXFileReference; fileEncoding = 4; lastKnownFileType = sourcecode.c.objc; name = ASIDownloadCache.m; path = Classes/External/ASIHTTPRequest/Classes/ASIDownloadCache.m; sourceTree = "<group>"; };
		0209E12F157951300073385D /* ASIFormDataRequest.h */ = {isa = PBXFileReference; fileEncoding = 4; lastKnownFileType = sourcecode.c.h; name = ASIFormDataRequest.h; path = Classes/External/ASIHTTPRequest/Classes/ASIFormDataRequest.h; sourceTree = "<group>"; };
		0209E130157951300073385D /* ASIFormDataRequest.m */ = {isa = PBXFileReference; fileEncoding = 4; lastKnownFileType = sourcecode.c.objc; name = ASIFormDataRequest.m; path = Classes/External/ASIHTTPRequest/Classes/ASIFormDataRequest.m; sourceTree = "<group>"; };
		0209E131157951300073385D /* ASIHTTPRequest.h */ = {isa = PBXFileReference; fileEncoding = 4; lastKnownFileType = sourcecode.c.h; name = ASIHTTPRequest.h; path = Classes/External/ASIHTTPRequest/Classes/ASIHTTPRequest.h; sourceTree = "<group>"; };
		0209E132157951300073385D /* ASIHTTPRequest.m */ = {isa = PBXFileReference; fileEncoding = 4; lastKnownFileType = sourcecode.c.objc; name = ASIHTTPRequest.m; path = Classes/External/ASIHTTPRequest/Classes/ASIHTTPRequest.m; sourceTree = "<group>"; };
		0209E133157951300073385D /* ASIHTTPRequestConfig.h */ = {isa = PBXFileReference; fileEncoding = 4; lastKnownFileType = sourcecode.c.h; name = ASIHTTPRequestConfig.h; path = Classes/External/ASIHTTPRequest/Classes/ASIHTTPRequestConfig.h; sourceTree = "<group>"; };
		0209E134157951300073385D /* ASIHTTPRequestDelegate.h */ = {isa = PBXFileReference; fileEncoding = 4; lastKnownFileType = sourcecode.c.h; name = ASIHTTPRequestDelegate.h; path = Classes/External/ASIHTTPRequest/Classes/ASIHTTPRequestDelegate.h; sourceTree = "<group>"; };
		0209E135157951300073385D /* ASIInputStream.h */ = {isa = PBXFileReference; fileEncoding = 4; lastKnownFileType = sourcecode.c.h; name = ASIInputStream.h; path = Classes/External/ASIHTTPRequest/Classes/ASIInputStream.h; sourceTree = "<group>"; };
		0209E136157951300073385D /* ASIInputStream.m */ = {isa = PBXFileReference; fileEncoding = 4; lastKnownFileType = sourcecode.c.objc; name = ASIInputStream.m; path = Classes/External/ASIHTTPRequest/Classes/ASIInputStream.m; sourceTree = "<group>"; };
		0209E137157951300073385D /* ASINetworkQueue.h */ = {isa = PBXFileReference; fileEncoding = 4; lastKnownFileType = sourcecode.c.h; name = ASINetworkQueue.h; path = Classes/External/ASIHTTPRequest/Classes/ASINetworkQueue.h; sourceTree = "<group>"; };
		0209E138157951300073385D /* ASINetworkQueue.m */ = {isa = PBXFileReference; fileEncoding = 4; lastKnownFileType = sourcecode.c.objc; name = ASINetworkQueue.m; path = Classes/External/ASIHTTPRequest/Classes/ASINetworkQueue.m; sourceTree = "<group>"; };
		0209E139157951300073385D /* ASIProgressDelegate.h */ = {isa = PBXFileReference; fileEncoding = 4; lastKnownFileType = sourcecode.c.h; name = ASIProgressDelegate.h; path = Classes/External/ASIHTTPRequest/Classes/ASIProgressDelegate.h; sourceTree = "<group>"; };
		0209E14A157954270073385D /* Reachability.h */ = {isa = PBXFileReference; fileEncoding = 4; lastKnownFileType = sourcecode.c.h; name = Reachability.h; path = Classes/External/ASIHTTPRequest/External/Reachability/Reachability.h; sourceTree = "<group>"; };
		0209E14B157954270073385D /* Reachability.m */ = {isa = PBXFileReference; fileEncoding = 4; lastKnownFileType = sourcecode.c.objc; name = Reachability.m; path = Classes/External/ASIHTTPRequest/External/Reachability/Reachability.m; sourceTree = "<group>"; };
		0209E14E157954C20073385D /* CFNetwork.framework */ = {isa = PBXFileReference; lastKnownFileType = wrapper.framework; name = CFNetwork.framework; path = System/Library/Frameworks/CFNetwork.framework; sourceTree = SDKROOT; };
		0209E150157954C70073385D /* SystemConfiguration.framework */ = {isa = PBXFileReference; lastKnownFileType = wrapper.framework; name = SystemConfiguration.framework; path = System/Library/Frameworks/SystemConfiguration.framework; sourceTree = SDKROOT; };
		0209E152157954D00073385D /* MobileCoreServices.framework */ = {isa = PBXFileReference; lastKnownFileType = wrapper.framework; name = MobileCoreServices.framework; path = System/Library/Frameworks/MobileCoreServices.framework; sourceTree = SDKROOT; };
		0209E154157954DF0073385D /* libz.dylib */ = {isa = PBXFileReference; lastKnownFileType = "compiled.mach-o.dylib"; name = libz.dylib; path = usr/lib/libz.dylib; sourceTree = SDKROOT; };
		0209E15615795E6C0073385D /* UIImageView+ASIHTTPRequest.h */ = {isa = PBXFileReference; fileEncoding = 4; lastKnownFileType = sourcecode.c.h; name = "UIImageView+ASIHTTPRequest.h"; path = "Classes/UIImageView+ASIHTTPRequest.h"; sourceTree = "<group>"; };
		0209E15715795E6D0073385D /* UIImageView+ASIHTTPRequest.m */ = {isa = PBXFileReference; fileEncoding = 4; lastKnownFileType = sourcecode.c.objc; name = "UIImageView+ASIHTTPRequest.m"; path = "Classes/UIImageView+ASIHTTPRequest.m"; sourceTree = "<group>"; };
		022D0CCE158349B80071F665 /* de */ = {isa = PBXFileReference; lastKnownFileType = text.plist.strings; name = de; path = de.lproj/Localizable.strings; sourceTree = "<group>"; };
		022D0CD41583C4070071F665 /* item_set.png */ = {isa = PBXFileReference; lastKnownFileType = image.png; name = item_set.png; path = Images/item_set.png; sourceTree = "<group>"; };
		022D0CD51583C4070071F665 /* item_set@2x.png */ = {isa = PBXFileReference; lastKnownFileType = image.png; name = "item_set@2x.png"; path = "Images/item_set@2x.png"; sourceTree = "<group>"; };
		022D0CD61583C4070071F665 /* kill_eater.png */ = {isa = PBXFileReference; lastKnownFileType = image.png; name = kill_eater.png; path = Images/kill_eater.png; sourceTree = "<group>"; };
		022D0CD71583C4070071F665 /* kill_eater@2x.png */ = {isa = PBXFileReference; lastKnownFileType = image.png; name = "kill_eater@2x.png"; path = "Images/kill_eater@2x.png"; sourceTree = "<group>"; };
		022D0CD81583C4070071F665 /* origin.png */ = {isa = PBXFileReference; lastKnownFileType = image.png; name = origin.png; path = Images/origin.png; sourceTree = "<group>"; };
		022D0CD91583C4070071F665 /* origin@2x.png */ = {isa = PBXFileReference; lastKnownFileType = image.png; name = "origin@2x.png"; path = "Images/origin@2x.png"; sourceTree = "<group>"; };
		022D0CDA1583C4070071F665 /* quality.png */ = {isa = PBXFileReference; lastKnownFileType = image.png; name = quality.png; path = Images/quality.png; sourceTree = "<group>"; };
		022D0CDB1583C4070071F665 /* quality@2x.png */ = {isa = PBXFileReference; lastKnownFileType = image.png; name = "quality@2x.png"; path = "Images/quality@2x.png"; sourceTree = "<group>"; };
		022D0CDC1583C4070071F665 /* settings.png */ = {isa = PBXFileReference; lastKnownFileType = image.png; name = settings.png; path = Images/settings.png; sourceTree = "<group>"; };
		022D0CDD1583C4070071F665 /* settings@2x.png */ = {isa = PBXFileReference; lastKnownFileType = image.png; name = "settings@2x.png"; path = "Images/settings@2x.png"; sourceTree = "<group>"; };
		022D0CDE1583C4070071F665 /* user.png */ = {isa = PBXFileReference; lastKnownFileType = image.png; name = user.png; path = Images/user.png; sourceTree = "<group>"; };
		022D0CDF1583C4070071F665 /* user@2x.png */ = {isa = PBXFileReference; lastKnownFileType = image.png; name = "user@2x.png"; path = "Images/user@2x.png"; sourceTree = "<group>"; };
		022D0CEC158491BB0071F665 /* origin-iphone.png */ = {isa = PBXFileReference; lastKnownFileType = image.png; name = "origin-iphone.png"; path = "Images/origin-iphone.png"; sourceTree = "<group>"; };
		022D0CED158491BB0071F665 /* origin-iphone@2x.png */ = {isa = PBXFileReference; lastKnownFileType = image.png; name = "origin-iphone@2x.png"; path = "Images/origin-iphone@2x.png"; sourceTree = "<group>"; };
		022D0CF0158494960071F665 /* item_set-iphone.png */ = {isa = PBXFileReference; lastKnownFileType = image.png; name = "item_set-iphone.png"; path = "Images/item_set-iphone.png"; sourceTree = "<group>"; };
		022D0CF1158494960071F665 /* item_set-iphone@2x.png */ = {isa = PBXFileReference; lastKnownFileType = image.png; name = "item_set-iphone@2x.png"; path = "Images/item_set-iphone@2x.png"; sourceTree = "<group>"; };
		022D0CF2158494960071F665 /* kill_eater-iphone.png */ = {isa = PBXFileReference; lastKnownFileType = image.png; name = "kill_eater-iphone.png"; path = "Images/kill_eater-iphone.png"; sourceTree = "<group>"; };
		022D0CF3158494960071F665 /* kill_eater-iphone@2x.png */ = {isa = PBXFileReference; lastKnownFileType = image.png; name = "kill_eater-iphone@2x.png"; path = "Images/kill_eater-iphone@2x.png"; sourceTree = "<group>"; };
		022D0CF4158494960071F665 /* quality-iphone.png */ = {isa = PBXFileReference; lastKnownFileType = image.png; name = "quality-iphone.png"; path = "Images/quality-iphone.png"; sourceTree = "<group>"; };
		022D0CF5158494960071F665 /* quality-iphone@2x.png */ = {isa = PBXFileReference; lastKnownFileType = image.png; name = "quality-iphone@2x.png"; path = "Images/quality-iphone@2x.png"; sourceTree = "<group>"; };
		0255A146155D9BE20092741E /* SCItem.h */ = {isa = PBXFileReference; fileEncoding = 4; lastKnownFileType = sourcecode.c.h; name = SCItem.h; path = Classes/SCItem.h; sourceTree = "<group>"; };
		0255A147155D9BE20092741E /* SCItem.m */ = {isa = PBXFileReference; fileEncoding = 4; lastKnownFileType = sourcecode.c.objc; name = SCItem.m; path = Classes/SCItem.m; sourceTree = "<group>"; };
		0255A14A155D9BF80092741E /* SCSchema.h */ = {isa = PBXFileReference; fileEncoding = 4; lastKnownFileType = sourcecode.c.h; name = SCSchema.h; path = Classes/SCSchema.h; sourceTree = "<group>"; };
		0255A14B155D9BF80092741E /* SCSchema.m */ = {isa = PBXFileReference; fileEncoding = 4; lastKnownFileType = sourcecode.c.objc; name = SCSchema.m; path = Classes/SCSchema.m; sourceTree = "<group>"; };
		026F215A156ADA1F00C7BD54 /* SCClassImageView.h */ = {isa = PBXFileReference; fileEncoding = 4; lastKnownFileType = sourcecode.c.h; name = SCClassImageView.h; path = Classes/SCClassImageView.h; sourceTree = "<group>"; };
		026F215B156ADA1F00C7BD54 /* SCClassImageView.m */ = {isa = PBXFileReference; fileEncoding = 4; lastKnownFileType = sourcecode.c.objc; name = SCClassImageView.m; path = Classes/SCClassImageView.m; sourceTree = "<group>"; };
		028B640615265D680040D2FF /* Suitcase.app */ = {isa = PBXFileReference; explicitFileType = wrapper.application; includeInIndex = 0; path = Suitcase.app; sourceTree = BUILT_PRODUCTS_DIR; };
		028B640A15265D690040D2FF /* UIKit.framework */ = {isa = PBXFileReference; lastKnownFileType = wrapper.framework; name = UIKit.framework; path = System/Library/Frameworks/UIKit.framework; sourceTree = SDKROOT; };
		028B640C15265D690040D2FF /* Foundation.framework */ = {isa = PBXFileReference; lastKnownFileType = wrapper.framework; name = Foundation.framework; path = System/Library/Frameworks/Foundation.framework; sourceTree = SDKROOT; };
		028B640E15265D690040D2FF /* CoreGraphics.framework */ = {isa = PBXFileReference; lastKnownFileType = wrapper.framework; name = CoreGraphics.framework; path = System/Library/Frameworks/CoreGraphics.framework; sourceTree = SDKROOT; };
		028B641215265D690040D2FF /* Suitcase-Info.plist */ = {isa = PBXFileReference; lastKnownFileType = text.plist.xml; path = "Suitcase-Info.plist"; sourceTree = "<group>"; };
		028B641415265D690040D2FF /* en */ = {isa = PBXFileReference; lastKnownFileType = text.plist.strings; name = en; path = en.lproj/InfoPlist.strings; sourceTree = "<group>"; };
		028B641615265D690040D2FF /* main.m */ = {isa = PBXFileReference; lastKnownFileType = sourcecode.c.objc; path = main.m; sourceTree = "<group>"; };
		028B641815265D690040D2FF /* Suitcase-Prefix.pch */ = {isa = PBXFileReference; lastKnownFileType = sourcecode.c.h; path = "Suitcase-Prefix.pch"; sourceTree = "<group>"; };
		028B641D15265D690040D2FF /* en */ = {isa = PBXFileReference; lastKnownFileType = file.storyboard; name = en; path = en.lproj/MainStoryboard_iPhone.storyboard; sourceTree = "<group>"; };
		028B642015265D690040D2FF /* en */ = {isa = PBXFileReference; lastKnownFileType = file.storyboard; name = en; path = en.lproj/MainStoryboard_iPad.storyboard; sourceTree = "<group>"; };
		028B642D15265D690040D2FF /* SuitcaseTests.octest */ = {isa = PBXFileReference; explicitFileType = wrapper.cfbundle; includeInIndex = 0; path = SuitcaseTests.octest; sourceTree = BUILT_PRODUCTS_DIR; };
		028B642E15265D690040D2FF /* SenTestingKit.framework */ = {isa = PBXFileReference; lastKnownFileType = wrapper.framework; name = SenTestingKit.framework; path = Library/Frameworks/SenTestingKit.framework; sourceTree = DEVELOPER_DIR; };
		028B643615265D690040D2FF /* SuitcaseTests-Info.plist */ = {isa = PBXFileReference; lastKnownFileType = text.plist.xml; path = "SuitcaseTests-Info.plist"; sourceTree = "<group>"; };
		028B643815265D690040D2FF /* en */ = {isa = PBXFileReference; lastKnownFileType = text.plist.strings; name = en; path = en.lproj/InfoPlist.strings; sourceTree = "<group>"; };
		028B643A15265D690040D2FF /* SuitcaseTests.h */ = {isa = PBXFileReference; lastKnownFileType = sourcecode.c.h; path = SuitcaseTests.h; sourceTree = "<group>"; };
		028B643B15265D690040D2FF /* SuitcaseTests.m */ = {isa = PBXFileReference; lastKnownFileType = sourcecode.c.objc; path = SuitcaseTests.m; sourceTree = "<group>"; };
		028B648D1526761C0040D2FF /* SCAppDelegate.h */ = {isa = PBXFileReference; fileEncoding = 4; lastKnownFileType = sourcecode.c.h; name = SCAppDelegate.h; path = Classes/SCAppDelegate.h; sourceTree = "<group>"; };
		028B648E1526761C0040D2FF /* SCAppDelegate.m */ = {isa = PBXFileReference; fileEncoding = 4; lastKnownFileType = sourcecode.c.objc; name = SCAppDelegate.m; path = Classes/SCAppDelegate.m; sourceTree = "<group>"; };
		028B648F1526761C0040D2FF /* SCDetailViewController.h */ = {isa = PBXFileReference; fileEncoding = 4; lastKnownFileType = sourcecode.c.h; name = SCDetailViewController.h; path = Classes/SCDetailViewController.h; sourceTree = "<group>"; };
		028B64901526761C0040D2FF /* SCDetailViewController.m */ = {isa = PBXFileReference; fileEncoding = 4; lastKnownFileType = sourcecode.c.objc; name = SCDetailViewController.m; path = Classes/SCDetailViewController.m; sourceTree = "<group>"; };
		028B64911526761C0040D2FF /* SCMasterViewController.h */ = {isa = PBXFileReference; fileEncoding = 4; lastKnownFileType = sourcecode.c.h; name = SCMasterViewController.h; path = Classes/SCMasterViewController.h; sourceTree = "<group>"; };
		028B64921526761C0040D2FF /* SCMasterViewController.m */ = {isa = PBXFileReference; fileEncoding = 4; lastKnownFileType = sourcecode.c.objc; name = SCMasterViewController.m; path = Classes/SCMasterViewController.m; sourceTree = "<group>"; };
		0295DABE152A44CC00B18882 /* SCSteamIdFormController.h */ = {isa = PBXFileReference; fileEncoding = 4; lastKnownFileType = sourcecode.c.h; name = SCSteamIdFormController.h; path = Classes/SCSteamIdFormController.h; sourceTree = "<group>"; };
		0295DABF152A44CC00B18882 /* SCSteamIdFormController.m */ = {isa = PBXFileReference; fileEncoding = 4; lastKnownFileType = sourcecode.c.objc; name = SCSteamIdFormController.m; path = Classes/SCSteamIdFormController.m; sourceTree = "<group>"; };
		02CFAACB157735840086E34B /* de */ = {isa = PBXFileReference; lastKnownFileType = file.storyboard; name = de; path = de.lproj/MainStoryboard_iPhone.storyboard; sourceTree = "<group>"; };
		02CFAACC157737960086E34B /* de */ = {isa = PBXFileReference; lastKnownFileType = file.storyboard; name = de; path = de.lproj/MainStoryboard_iPad.storyboard; sourceTree = "<group>"; };
		02CFAACD157818730086E34B /* Icon.png */ = {isa = PBXFileReference; lastKnownFileType = image.png; name = Icon.png; path = ../Icon.png; sourceTree = "<group>"; };
		02CFAACF157818760086E34B /* Icon@2x.png */ = {isa = PBXFileReference; lastKnownFileType = image.png; name = "Icon@2x.png"; path = "../Icon@2x.png"; sourceTree = "<group>"; };
		02CFAAD1157818820086E34B /* Icon-72.png */ = {isa = PBXFileReference; lastKnownFileType = image.png; name = "Icon-72.png"; path = "../Icon-72.png"; sourceTree = "<group>"; };
		02D2E125157FCEA300DFBF7B /* Icon-72@2x.png */ = {isa = PBXFileReference; lastKnownFileType = image.png; name = "Icon-72@2x.png"; path = "../Icon-72@2x.png"; sourceTree = "<group>"; };
		02DDB4851582A9E0004DB9D8 /* QuartzCore.framework */ = {isa = PBXFileReference; lastKnownFileType = wrapper.framework; name = QuartzCore.framework; path = System/Library/Frameworks/QuartzCore.framework; sourceTree = SDKROOT; };
		02F37EBE158014ED00BFB1B5 /* TTTAttributedLabel.h */ = {isa = PBXFileReference; fileEncoding = 4; lastKnownFileType = sourcecode.c.h; name = TTTAttributedLabel.h; path = Classes/External/TTTAttributedLabel/TTTAttributedLabel.h; sourceTree = "<group>"; };
		02F37EBF158014EE00BFB1B5 /* TTTAttributedLabel.m */ = {isa = PBXFileReference; fileEncoding = 4; lastKnownFileType = sourcecode.c.objc; name = TTTAttributedLabel.m; path = Classes/External/TTTAttributedLabel/TTTAttributedLabel.m; sourceTree = "<group>"; };
		02F37EC31580152300BFB1B5 /* CoreText.framework */ = {isa = PBXFileReference; lastKnownFileType = wrapper.framework; name = CoreText.framework; path = System/Library/Frameworks/CoreText.framework; sourceTree = SDKROOT; };
/* End PBXFileReference section */

/* Begin PBXFrameworksBuildPhase section */
		028B640315265D680040D2FF /* Frameworks */ = {
			isa = PBXFrameworksBuildPhase;
			buildActionMask = 2147483647;
			files = (
				0209E14F157954C20073385D /* CFNetwork.framework in Frameworks */,
				028B640F15265D690040D2FF /* CoreGraphics.framework in Frameworks */,
				02F37EC41580152300BFB1B5 /* CoreText.framework in Frameworks */,
				028B640D15265D690040D2FF /* Foundation.framework in Frameworks */,
				0209E153157954D00073385D /* MobileCoreServices.framework in Frameworks */,
				02DDB4861582A9E0004DB9D8 /* QuartzCore.framework in Frameworks */,
				0209E151157954C70073385D /* SystemConfiguration.framework in Frameworks */,
				028B640B15265D690040D2FF /* UIKit.framework in Frameworks */,
				0209E155157954DF0073385D /* libz.dylib in Frameworks */,
			);
			runOnlyForDeploymentPostprocessing = 0;
		};
		028B642915265D690040D2FF /* Frameworks */ = {
			isa = PBXFrameworksBuildPhase;
			buildActionMask = 2147483647;
			files = (
				028B642F15265D690040D2FF /* SenTestingKit.framework in Frameworks */,
				028B643015265D690040D2FF /* UIKit.framework in Frameworks */,
				028B643115265D690040D2FF /* Foundation.framework in Frameworks */,
			);
			runOnlyForDeploymentPostprocessing = 0;
		};
/* End PBXFrameworksBuildPhase section */

/* Begin PBXGroup section */
		0209E124157950FE0073385D /* ASIHTTPRequest */ = {
			isa = PBXGroup;
			children = (
				0209E126157951300073385D /* ASIAuthenticationDialog.h */,
				0209E127157951300073385D /* ASIAuthenticationDialog.m */,
				0209E128157951300073385D /* ASICacheDelegate.h */,
				0209E129157951300073385D /* ASIDataCompressor.h */,
				0209E12A157951300073385D /* ASIDataCompressor.m */,
				0209E12B157951300073385D /* ASIDataDecompressor.h */,
				0209E12C157951300073385D /* ASIDataDecompressor.m */,
				0209E12D157951300073385D /* ASIDownloadCache.h */,
				0209E12E157951300073385D /* ASIDownloadCache.m */,
				0209E12F157951300073385D /* ASIFormDataRequest.h */,
				0209E130157951300073385D /* ASIFormDataRequest.m */,
				0209E131157951300073385D /* ASIHTTPRequest.h */,
				0209E132157951300073385D /* ASIHTTPRequest.m */,
				0209E133157951300073385D /* ASIHTTPRequestConfig.h */,
				0209E134157951300073385D /* ASIHTTPRequestDelegate.h */,
				0209E135157951300073385D /* ASIInputStream.h */,
				0209E136157951300073385D /* ASIInputStream.m */,
				0209E137157951300073385D /* ASINetworkQueue.h */,
				0209E138157951300073385D /* ASINetworkQueue.m */,
				0209E139157951300073385D /* ASIProgressDelegate.h */,
				0209E14A157954270073385D /* Reachability.h */,
				0209E14B157954270073385D /* Reachability.m */,
			);
			name = ASIHTTPRequest;
			sourceTree = "<group>";
		};
		028B63FB15265D680040D2FF = {
			isa = PBXGroup;
			children = (
				028B641015265D690040D2FF /* Suitcase */,
				028B643415265D690040D2FF /* SuitcaseTests */,
				028B640915265D690040D2FF /* Frameworks */,
				028B640715265D690040D2FF /* Products */,
			);
			sourceTree = "<group>";
		};
		028B640715265D690040D2FF /* Products */ = {
			isa = PBXGroup;
			children = (
				028B640615265D680040D2FF /* Suitcase.app */,
				028B642D15265D690040D2FF /* SuitcaseTests.octest */,
			);
			name = Products;
			sourceTree = "<group>";
		};
		028B640915265D690040D2FF /* Frameworks */ = {
			isa = PBXGroup;
			children = (
				0209E14E157954C20073385D /* CFNetwork.framework */,
				028B640E15265D690040D2FF /* CoreGraphics.framework */,
				02F37EC31580152300BFB1B5 /* CoreText.framework */,
				028B640C15265D690040D2FF /* Foundation.framework */,
				0209E152157954D00073385D /* MobileCoreServices.framework */,
				02DDB4851582A9E0004DB9D8 /* QuartzCore.framework */,
				028B642E15265D690040D2FF /* SenTestingKit.framework */,
				0209E150157954C70073385D /* SystemConfiguration.framework */,
				028B640A15265D690040D2FF /* UIKit.framework */,
				0209E154157954DF0073385D /* libz.dylib */,
			);
			name = Frameworks;
			sourceTree = "<group>";
		};
		028B641015265D690040D2FF /* Suitcase */ = {
			isa = PBXGroup;
			children = (
				0209E124157950FE0073385D /* ASIHTTPRequest */,
				02F37EC2158014F200BFB1B5 /* TTTAttributedLabel */,
				02DDB47B1582918B004DB9D8 /* Resources */,
				028B648D1526761C0040D2FF /* SCAppDelegate.h */,
				028B648E1526761C0040D2FF /* SCAppDelegate.m */,
				026F215A156ADA1F00C7BD54 /* SCClassImageView.h */,
				026F215B156ADA1F00C7BD54 /* SCClassImageView.m */,
				028B648F1526761C0040D2FF /* SCDetailViewController.h */,
				028B64901526761C0040D2FF /* SCDetailViewController.m */,
				0255A146155D9BE20092741E /* SCItem.h */,
				0255A147155D9BE20092741E /* SCItem.m */,
				028B64911526761C0040D2FF /* SCMasterViewController.h */,
				028B64921526761C0040D2FF /* SCMasterViewController.m */,
				0255A14A155D9BF80092741E /* SCSchema.h */,
				0255A14B155D9BF80092741E /* SCSchema.m */,
				0295DABE152A44CC00B18882 /* SCSteamIdFormController.h */,
				0295DABF152A44CC00B18882 /* SCSteamIdFormController.m */,
				0209E15615795E6C0073385D /* UIImageView+ASIHTTPRequest.h */,
				0209E15715795E6D0073385D /* UIImageView+ASIHTTPRequest.m */,
				028B641F15265D690040D2FF /* MainStoryboard_iPad.storyboard */,
				028B641C15265D690040D2FF /* MainStoryboard_iPhone.storyboard */,
				028B641115265D690040D2FF /* Supporting Files */,
			);
			path = Suitcase;
			sourceTree = "<group>";
		};
		028B641115265D690040D2FF /* Supporting Files */ = {
			isa = PBXGroup;
			children = (
				028B641215265D690040D2FF /* Suitcase-Info.plist */,
				028B641315265D690040D2FF /* InfoPlist.strings */,
				028B641615265D690040D2FF /* main.m */,
				028B641815265D690040D2FF /* Suitcase-Prefix.pch */,
			);
			name = "Supporting Files";
			sourceTree = "<group>";
		};
		028B643415265D690040D2FF /* SuitcaseTests */ = {
			isa = PBXGroup;
			children = (
				028B643A15265D690040D2FF /* SuitcaseTests.h */,
				028B643B15265D690040D2FF /* SuitcaseTests.m */,
				028B643515265D690040D2FF /* Supporting Files */,
			);
			path = SuitcaseTests;
			sourceTree = "<group>";
		};
		028B643515265D690040D2FF /* Supporting Files */ = {
			isa = PBXGroup;
			children = (
				028B643615265D690040D2FF /* SuitcaseTests-Info.plist */,
				028B643715265D690040D2FF /* InfoPlist.strings */,
			);
			name = "Supporting Files";
			sourceTree = "<group>";
		};
		02DDB47B1582918B004DB9D8 /* Resources */ = {
			isa = PBXGroup;
			children = (
				02D2E125157FCEA300DFBF7B /* Icon-72@2x.png */,
				02CFAAD1157818820086E34B /* Icon-72.png */,
				02CFAACF157818760086E34B /* Icon@2x.png */,
				02CFAACD157818730086E34B /* Icon.png */,
				022D0CD41583C4070071F665 /* item_set.png */,
				022D0CD51583C4070071F665 /* item_set@2x.png */,
				022D0CF0158494960071F665 /* item_set-iphone.png */,
				022D0CF1158494960071F665 /* item_set-iphone@2x.png */,
				022D0CD61583C4070071F665 /* kill_eater.png */,
				022D0CD71583C4070071F665 /* kill_eater@2x.png */,
				022D0CF2158494960071F665 /* kill_eater-iphone.png */,
				022D0CF3158494960071F665 /* kill_eater-iphone@2x.png */,
				022D0CD81583C4070071F665 /* origin.png */,
				022D0CD91583C4070071F665 /* origin@2x.png */,
				022D0CEC158491BB0071F665 /* origin-iphone.png */,
				022D0CED158491BB0071F665 /* origin-iphone@2x.png */,
				022D0CDA1583C4070071F665 /* quality.png */,
				022D0CDB1583C4070071F665 /* quality@2x.png */,
				022D0CF4158494960071F665 /* quality-iphone.png */,
				022D0CF5158494960071F665 /* quality-iphone@2x.png */,
				022D0CDC1583C4070071F665 /* settings.png */,
				022D0CDD1583C4070071F665 /* settings@2x.png */,
				022D0CDE1583C4070071F665 /* user.png */,
				022D0CDF1583C4070071F665 /* user@2x.png */,
				022D0CCD158349B80071F665 /* Localizable.strings */,
			);
			name = Resources;
			sourceTree = "<group>";
		};
		02F37EC2158014F200BFB1B5 /* TTTAttributedLabel */ = {
			isa = PBXGroup;
			children = (
				02F37EBE158014ED00BFB1B5 /* TTTAttributedLabel.h */,
				02F37EBF158014EE00BFB1B5 /* TTTAttributedLabel.m */,
			);
			name = TTTAttributedLabel;
			sourceTree = "<group>";
		};
/* End PBXGroup section */

/* Begin PBXNativeTarget section */
		028B640515265D680040D2FF /* Suitcase */ = {
			isa = PBXNativeTarget;
			buildConfigurationList = 028B643F15265D690040D2FF /* Build configuration list for PBXNativeTarget "Suitcase" */;
			buildPhases = (
				028B640215265D680040D2FF /* Sources */,
				028B640315265D680040D2FF /* Frameworks */,
				028B640415265D680040D2FF /* Resources */,
			);
			buildRules = (
			);
			dependencies = (
			);
			name = Suitcase;
			productName = Suitcase;
			productReference = 028B640615265D680040D2FF /* Suitcase.app */;
			productType = "com.apple.product-type.application";
		};
		028B642C15265D690040D2FF /* SuitcaseTests */ = {
			isa = PBXNativeTarget;
			buildConfigurationList = 028B644215265D690040D2FF /* Build configuration list for PBXNativeTarget "SuitcaseTests" */;
			buildPhases = (
				028B642815265D690040D2FF /* Sources */,
				028B642915265D690040D2FF /* Frameworks */,
				028B642A15265D690040D2FF /* Resources */,
				028B642B15265D690040D2FF /* ShellScript */,
			);
			buildRules = (
			);
			dependencies = (
				028B643315265D690040D2FF /* PBXTargetDependency */,
			);
			name = SuitcaseTests;
			productName = SuitcaseTests;
			productReference = 028B642D15265D690040D2FF /* SuitcaseTests.octest */;
			productType = "com.apple.product-type.bundle";
		};
/* End PBXNativeTarget section */

/* Begin PBXProject section */
		028B63FD15265D680040D2FF /* Project object */ = {
			isa = PBXProject;
			attributes = {
				CLASSPREFIX = SC;
				LastUpgradeCheck = 0430;
			};
			buildConfigurationList = 028B640015265D680040D2FF /* Build configuration list for PBXProject "Suitcase" */;
			compatibilityVersion = "Xcode 3.2";
			developmentRegion = English;
			hasScannedForEncodings = 0;
			knownRegions = (
				en,
				de,
			);
			mainGroup = 028B63FB15265D680040D2FF;
			productRefGroup = 028B640715265D690040D2FF /* Products */;
			projectDirPath = "";
			projectRoot = "";
			targets = (
				028B640515265D680040D2FF /* Suitcase */,
				028B642C15265D690040D2FF /* SuitcaseTests */,
			);
		};
/* End PBXProject section */

/* Begin PBXResourcesBuildPhase section */
		028B640415265D680040D2FF /* Resources */ = {
			isa = PBXResourcesBuildPhase;
			buildActionMask = 2147483647;
			files = (
				028B641515265D690040D2FF /* InfoPlist.strings in Resources */,
				028B641E15265D690040D2FF /* MainStoryboard_iPhone.storyboard in Resources */,
				028B642115265D690040D2FF /* MainStoryboard_iPad.storyboard in Resources */,
				02CFAACE157818730086E34B /* Icon.png in Resources */,
				02CFAAD0157818760086E34B /* Icon@2x.png in Resources */,
				02CFAAD2157818820086E34B /* Icon-72.png in Resources */,
				02D2E126157FCEA300DFBF7B /* Icon-72@2x.png in Resources */,
				022D0CCF158349B80071F665 /* Localizable.strings in Resources */,
				022D0CE01583C4070071F665 /* item_set.png in Resources */,
				022D0CE11583C4070071F665 /* item_set@2x.png in Resources */,
				022D0CE21583C4070071F665 /* kill_eater.png in Resources */,
				022D0CE31583C4070071F665 /* kill_eater@2x.png in Resources */,
				022D0CE41583C4070071F665 /* origin.png in Resources */,
				022D0CE51583C4070071F665 /* origin@2x.png in Resources */,
				022D0CE61583C4070071F665 /* quality.png in Resources */,
				022D0CE71583C4070071F665 /* quality@2x.png in Resources */,
				022D0CE81583C4070071F665 /* settings.png in Resources */,
				022D0CE91583C4070071F665 /* settings@2x.png in Resources */,
				022D0CEA1583C4070071F665 /* user.png in Resources */,
				022D0CEB1583C4070071F665 /* user@2x.png in Resources */,
				022D0CEE158491BB0071F665 /* origin-iphone.png in Resources */,
				022D0CEF158491BB0071F665 /* origin-iphone@2x.png in Resources */,
				022D0CF6158494960071F665 /* item_set-iphone.png in Resources */,
				022D0CF7158494960071F665 /* item_set-iphone@2x.png in Resources */,
				022D0CF8158494960071F665 /* kill_eater-iphone.png in Resources */,
				022D0CF9158494960071F665 /* kill_eater-iphone@2x.png in Resources */,
				022D0CFA158494960071F665 /* quality-iphone.png in Resources */,
				022D0CFB158494960071F665 /* quality-iphone@2x.png in Resources */,
			);
			runOnlyForDeploymentPostprocessing = 0;
		};
		028B642A15265D690040D2FF /* Resources */ = {
			isa = PBXResourcesBuildPhase;
			buildActionMask = 2147483647;
			files = (
				028B643915265D690040D2FF /* InfoPlist.strings in Resources */,
			);
			runOnlyForDeploymentPostprocessing = 0;
		};
/* End PBXResourcesBuildPhase section */

/* Begin PBXShellScriptBuildPhase section */
		028B642B15265D690040D2FF /* ShellScript */ = {
			isa = PBXShellScriptBuildPhase;
			buildActionMask = 2147483647;
			files = (
			);
			inputPaths = (
			);
			outputPaths = (
			);
			runOnlyForDeploymentPostprocessing = 0;
			shellPath = /bin/sh;
			shellScript = "# Run the unit tests in this test bundle.\n\"${SYSTEM_DEVELOPER_DIR}/Tools/RunUnitTests\"\n";
		};
/* End PBXShellScriptBuildPhase section */

/* Begin PBXSourcesBuildPhase section */
		028B640215265D680040D2FF /* Sources */ = {
			isa = PBXSourcesBuildPhase;
			buildActionMask = 2147483647;
			files = (
				028B641715265D690040D2FF /* main.m in Sources */,
				028B64931526761C0040D2FF /* SCAppDelegate.m in Sources */,
				028B64951526761C0040D2FF /* SCDetailViewController.m in Sources */,
				028B64971526761C0040D2FF /* SCMasterViewController.m in Sources */,
				0295DAC0152A44CC00B18882 /* SCSteamIdFormController.m in Sources */,
				0255A148155D9BE20092741E /* SCItem.m in Sources */,
				0255A14C155D9BF80092741E /* SCSchema.m in Sources */,
				026F215C156ADA1F00C7BD54 /* SCClassImageView.m in Sources */,
				0209E13A157951300073385D /* ASIAuthenticationDialog.m in Sources */,
				0209E13C157951300073385D /* ASIDataCompressor.m in Sources */,
				0209E13E157951300073385D /* ASIDataDecompressor.m in Sources */,
				0209E140157951300073385D /* ASIDownloadCache.m in Sources */,
				0209E142157951300073385D /* ASIFormDataRequest.m in Sources */,
				0209E144157951300073385D /* ASIHTTPRequest.m in Sources */,
				0209E146157951300073385D /* ASIInputStream.m in Sources */,
				0209E148157951300073385D /* ASINetworkQueue.m in Sources */,
				0209E14C157954270073385D /* Reachability.m in Sources */,
				02F37EC515811ECD00BFB1B5 /* TTTAttributedLabel.m in Sources */,
				0209E15815795E6D0073385D /* UIImageView+ASIHTTPRequest.m in Sources */,
			);
			runOnlyForDeploymentPostprocessing = 0;
		};
		028B642815265D690040D2FF /* Sources */ = {
			isa = PBXSourcesBuildPhase;
			buildActionMask = 2147483647;
			files = (
				028B643C15265D690040D2FF /* SuitcaseTests.m in Sources */,
				028B64941526761C0040D2FF /* SCAppDelegate.m in Sources */,
				028B64961526761C0040D2FF /* SCDetailViewController.m in Sources */,
				028B64981526761C0040D2FF /* SCMasterViewController.m in Sources */,
				0209E13B157951300073385D /* ASIAuthenticationDialog.m in Sources */,
				0209E13D157951300073385D /* ASIDataCompressor.m in Sources */,
				0209E13F157951300073385D /* ASIDataDecompressor.m in Sources */,
				0209E141157951300073385D /* ASIDownloadCache.m in Sources */,
				0209E143157951300073385D /* ASIFormDataRequest.m in Sources */,
				0209E145157951300073385D /* ASIHTTPRequest.m in Sources */,
				0209E147157951300073385D /* ASIInputStream.m in Sources */,
				0209E149157951300073385D /* ASINetworkQueue.m in Sources */,
				0209E14D157954270073385D /* Reachability.m in Sources */,
				0209E15915795E6D0073385D /* UIImageView+ASIHTTPRequest.m in Sources */,
				02F37EC0158014EE00BFB1B5 /* TTTAttributedLabel.m in Sources */,
			);
			runOnlyForDeploymentPostprocessing = 0;
		};
/* End PBXSourcesBuildPhase section */

/* Begin PBXTargetDependency section */
		028B643315265D690040D2FF /* PBXTargetDependency */ = {
			isa = PBXTargetDependency;
			target = 028B640515265D680040D2FF /* Suitcase */;
			targetProxy = 028B643215265D690040D2FF /* PBXContainerItemProxy */;
		};
/* End PBXTargetDependency section */

/* Begin PBXVariantGroup section */
		022D0CCD158349B80071F665 /* Localizable.strings */ = {
			isa = PBXVariantGroup;
			children = (
				022D0CCE158349B80071F665 /* de */,
			);
			name = Localizable.strings;
			sourceTree = "<group>";
		};
		028B641315265D690040D2FF /* InfoPlist.strings */ = {
			isa = PBXVariantGroup;
			children = (
				028B641415265D690040D2FF /* en */,
			);
			name = InfoPlist.strings;
			sourceTree = "<group>";
		};
		028B641C15265D690040D2FF /* MainStoryboard_iPhone.storyboard */ = {
			isa = PBXVariantGroup;
			children = (
				028B641D15265D690040D2FF /* en */,
				02CFAACB157735840086E34B /* de */,
			);
			name = MainStoryboard_iPhone.storyboard;
			sourceTree = "<group>";
		};
		028B641F15265D690040D2FF /* MainStoryboard_iPad.storyboard */ = {
			isa = PBXVariantGroup;
			children = (
				028B642015265D690040D2FF /* en */,
				02CFAACC157737960086E34B /* de */,
			);
			name = MainStoryboard_iPad.storyboard;
			sourceTree = "<group>";
		};
		028B643715265D690040D2FF /* InfoPlist.strings */ = {
			isa = PBXVariantGroup;
			children = (
				028B643815265D690040D2FF /* en */,
			);
			name = InfoPlist.strings;
			sourceTree = "<group>";
		};
/* End PBXVariantGroup section */

/* Begin XCBuildConfiguration section */
		028B643D15265D690040D2FF /* Debug */ = {
			isa = XCBuildConfiguration;
			buildSettings = {
				ALWAYS_SEARCH_USER_PATHS = NO;
				ARCHS = "$(ARCHS_STANDARD_32_BIT)";
				CLANG_ENABLE_OBJC_ARC = YES;
				"CODE_SIGN_IDENTITY[sdk=iphoneos*]" = "iPhone Developer";
				COPY_PHASE_STRIP = NO;
				GCC_C_LANGUAGE_STANDARD = gnu99;
				GCC_DYNAMIC_NO_PIC = NO;
				GCC_OPTIMIZATION_LEVEL = 0;
				GCC_PREPROCESSOR_DEFINITIONS = (
					"DEBUG=1",
					"$(inherited)",
				);
				GCC_SYMBOLS_PRIVATE_EXTERN = NO;
				GCC_VERSION = com.apple.compilers.llvm.clang.1_0;
				GCC_WARN_ABOUT_RETURN_TYPE = YES;
				GCC_WARN_UNINITIALIZED_AUTOS = YES;
				GCC_WARN_UNUSED_VARIABLE = YES;
				IPHONEOS_DEPLOYMENT_TARGET = 5.1;
				SDKROOT = iphoneos;
				TARGETED_DEVICE_FAMILY = "1,2";
			};
			name = Debug;
		};
		028B643E15265D690040D2FF /* Release */ = {
			isa = XCBuildConfiguration;
			buildSettings = {
				ALWAYS_SEARCH_USER_PATHS = NO;
				ARCHS = "$(ARCHS_STANDARD_32_BIT)";
				CLANG_ENABLE_OBJC_ARC = YES;
				"CODE_SIGN_IDENTITY[sdk=iphoneos*]" = "iPhone Developer";
				COPY_PHASE_STRIP = YES;
				GCC_C_LANGUAGE_STANDARD = gnu99;
				GCC_VERSION = com.apple.compilers.llvm.clang.1_0;
				GCC_WARN_ABOUT_RETURN_TYPE = YES;
				GCC_WARN_UNINITIALIZED_AUTOS = YES;
				GCC_WARN_UNUSED_VARIABLE = YES;
				IPHONEOS_DEPLOYMENT_TARGET = 5.1;
				OTHER_CFLAGS = "-DNS_BLOCK_ASSERTIONS=1";
				SDKROOT = iphoneos;
				TARGETED_DEVICE_FAMILY = "1,2";
				VALIDATE_PRODUCT = YES;
			};
			name = Release;
		};
		028B644015265D690040D2FF /* Debug */ = {
			isa = XCBuildConfiguration;
			buildSettings = {
				GCC_PRECOMPILE_PREFIX_HEADER = YES;
				GCC_PREFIX_HEADER = "Suitcase/Suitcase-Prefix.pch";
				INFOPLIST_FILE = "Suitcase/Suitcase-Info.plist";
				IPHONEOS_DEPLOYMENT_TARGET = 5.0;
				PRODUCT_NAME = "$(TARGET_NAME)";
				WRAPPER_EXTENSION = app;
			};
			name = Debug;
		};
		028B644115265D690040D2FF /* Release */ = {
			isa = XCBuildConfiguration;
			buildSettings = {
				GCC_PRECOMPILE_PREFIX_HEADER = YES;
				GCC_PREFIX_HEADER = "Suitcase/Suitcase-Prefix.pch";
				INFOPLIST_FILE = "Suitcase/Suitcase-Info.plist";
				IPHONEOS_DEPLOYMENT_TARGET = 5.0;
				PRODUCT_NAME = "$(TARGET_NAME)";
				WRAPPER_EXTENSION = app;
			};
			name = Release;
		};
		028B644315265D690040D2FF /* Debug */ = {
			isa = XCBuildConfiguration;
			buildSettings = {
				BUNDLE_LOADER = "$(BUILT_PRODUCTS_DIR)/Suitcase.app/Suitcase";
				FRAMEWORK_SEARCH_PATHS = (
					"$(SDKROOT)/Developer/Library/Frameworks",
					"$(DEVELOPER_LIBRARY_DIR)/Frameworks",
				);
				GCC_PRECOMPILE_PREFIX_HEADER = YES;
				GCC_PREFIX_HEADER = "Suitcase/Suitcase-Prefix.pch";
				INFOPLIST_FILE = "SuitcaseTests/SuitcaseTests-Info.plist";
				PRODUCT_NAME = "$(TARGET_NAME)";
				TEST_HOST = "$(BUNDLE_LOADER)";
				WRAPPER_EXTENSION = octest;
			};
			name = Debug;
		};
		028B644415265D690040D2FF /* Release */ = {
			isa = XCBuildConfiguration;
			buildSettings = {
				BUNDLE_LOADER = "$(BUILT_PRODUCTS_DIR)/Suitcase.app/Suitcase";
				FRAMEWORK_SEARCH_PATHS = (
					"$(SDKROOT)/Developer/Library/Frameworks",
					"$(DEVELOPER_LIBRARY_DIR)/Frameworks",
				);
				GCC_PRECOMPILE_PREFIX_HEADER = YES;
				GCC_PREFIX_HEADER = "Suitcase/Suitcase-Prefix.pch";
				INFOPLIST_FILE = "SuitcaseTests/SuitcaseTests-Info.plist";
				PRODUCT_NAME = "$(TARGET_NAME)";
				TEST_HOST = "$(BUNDLE_LOADER)";
				WRAPPER_EXTENSION = octest;
			};
			name = Release;
		};
/* End XCBuildConfiguration section */

/* Begin XCConfigurationList section */
		028B640015265D680040D2FF /* Build configuration list for PBXProject "Suitcase" */ = {
			isa = XCConfigurationList;
			buildConfigurations = (
				028B643D15265D690040D2FF /* Debug */,
				028B643E15265D690040D2FF /* Release */,
			);
			defaultConfigurationIsVisible = 0;
			defaultConfigurationName = Release;
		};
		028B643F15265D690040D2FF /* Build configuration list for PBXNativeTarget "Suitcase" */ = {
			isa = XCConfigurationList;
			buildConfigurations = (
				028B644015265D690040D2FF /* Debug */,
				028B644115265D690040D2FF /* Release */,
			);
			defaultConfigurationIsVisible = 0;
			defaultConfigurationName = Release;
		};
		028B644215265D690040D2FF /* Build configuration list for PBXNativeTarget "SuitcaseTests" */ = {
			isa = XCConfigurationList;
			buildConfigurations = (
				028B644315265D690040D2FF /* Debug */,
				028B644415265D690040D2FF /* Release */,
			);
			defaultConfigurationIsVisible = 0;
			defaultConfigurationName = Release;
		};
/* End XCConfigurationList section */
	};
	rootObject = 028B63FD15265D680040D2FF /* Project object */;
}
