// !$*UTF8*$!
{
	archiveVersion = 1;
	classes = {
	};
	objectVersion = 46;
	objects = {

/* Begin PBXBuildFile section */
		02010B1D1696DE0A00007456 /* Default-568h@2x.png in Resources */ = {isa = PBXBuildFile; fileRef = 02010B1C1696DE0A00007456 /* Default-568h@2x.png */; };
		02010B291696E22B00007456 /* SCItemImageView.m in Sources */ = {isa = PBXBuildFile; fileRef = 02010B281696E22A00007456 /* SCItemImageView.m */; };
		02010B2F169842FB00007456 /* SCNavigationControllerDelegate.m in Sources */ = {isa = PBXBuildFile; fileRef = 02010B2E169842FA00007456 /* SCNavigationControllerDelegate.m */; };
		020958C5169386B000A44851 /* SCSettingsViewController.m in Sources */ = {isa = PBXBuildFile; fileRef = 020958C4169386B000A44851 /* SCSettingsViewController.m */; };
		020958C81693926300A44851 /* game_placeholder.png in Resources */ = {isa = PBXBuildFile; fileRef = 020958C61693926300A44851 /* game_placeholder.png */; };
		020958C91693926300A44851 /* game_placeholder@2x.png in Resources */ = {isa = PBXBuildFile; fileRef = 020958C71693926300A44851 /* game_placeholder@2x.png */; };
		0209E13A157951300073385D /* ASIAuthenticationDialog.m in Sources */ = {isa = PBXBuildFile; fileRef = 0209E127157951300073385D /* ASIAuthenticationDialog.m */; settings = {COMPILER_FLAGS = "-fno-objc-arc"; }; };
		0209E13B157951300073385D /* ASIAuthenticationDialog.m in Sources */ = {isa = PBXBuildFile; fileRef = 0209E127157951300073385D /* ASIAuthenticationDialog.m */; };
		0209E13C157951300073385D /* ASIDataCompressor.m in Sources */ = {isa = PBXBuildFile; fileRef = 0209E12A157951300073385D /* ASIDataCompressor.m */; settings = {COMPILER_FLAGS = "-fno-objc-arc"; }; };
		0209E13D157951300073385D /* ASIDataCompressor.m in Sources */ = {isa = PBXBuildFile; fileRef = 0209E12A157951300073385D /* ASIDataCompressor.m */; };
		0209E13E157951300073385D /* ASIDataDecompressor.m in Sources */ = {isa = PBXBuildFile; fileRef = 0209E12C157951300073385D /* ASIDataDecompressor.m */; settings = {COMPILER_FLAGS = "-fno-objc-arc"; }; };
		0209E13F157951300073385D /* ASIDataDecompressor.m in Sources */ = {isa = PBXBuildFile; fileRef = 0209E12C157951300073385D /* ASIDataDecompressor.m */; };
		0209E140157951300073385D /* ASIDownloadCache.m in Sources */ = {isa = PBXBuildFile; fileRef = 0209E12E157951300073385D /* ASIDownloadCache.m */; settings = {COMPILER_FLAGS = "-fno-objc-arc"; }; };
		0209E141157951300073385D /* ASIDownloadCache.m in Sources */ = {isa = PBXBuildFile; fileRef = 0209E12E157951300073385D /* ASIDownloadCache.m */; };
		0209E142157951300073385D /* ASIFormDataRequest.m in Sources */ = {isa = PBXBuildFile; fileRef = 0209E130157951300073385D /* ASIFormDataRequest.m */; settings = {COMPILER_FLAGS = "-fno-objc-arc"; }; };
		0209E143157951300073385D /* ASIFormDataRequest.m in Sources */ = {isa = PBXBuildFile; fileRef = 0209E130157951300073385D /* ASIFormDataRequest.m */; };
		0209E144157951300073385D /* ASIHTTPRequest.m in Sources */ = {isa = PBXBuildFile; fileRef = 0209E132157951300073385D /* ASIHTTPRequest.m */; settings = {COMPILER_FLAGS = "-fno-objc-arc"; }; };
		0209E145157951300073385D /* ASIHTTPRequest.m in Sources */ = {isa = PBXBuildFile; fileRef = 0209E132157951300073385D /* ASIHTTPRequest.m */; };
		0209E146157951300073385D /* ASIInputStream.m in Sources */ = {isa = PBXBuildFile; fileRef = 0209E136157951300073385D /* ASIInputStream.m */; settings = {COMPILER_FLAGS = "-fno-objc-arc"; }; };
		0209E147157951300073385D /* ASIInputStream.m in Sources */ = {isa = PBXBuildFile; fileRef = 0209E136157951300073385D /* ASIInputStream.m */; };
		0209E148157951300073385D /* ASINetworkQueue.m in Sources */ = {isa = PBXBuildFile; fileRef = 0209E138157951300073385D /* ASINetworkQueue.m */; settings = {COMPILER_FLAGS = "-fno-objc-arc"; }; };
		0209E149157951300073385D /* ASINetworkQueue.m in Sources */ = {isa = PBXBuildFile; fileRef = 0209E138157951300073385D /* ASINetworkQueue.m */; };
		0209E14C157954270073385D /* Reachability.m in Sources */ = {isa = PBXBuildFile; fileRef = 0209E14B157954270073385D /* Reachability.m */; settings = {COMPILER_FLAGS = "-fno-objc-arc"; }; };
		0209E14D157954270073385D /* Reachability.m in Sources */ = {isa = PBXBuildFile; fileRef = 0209E14B157954270073385D /* Reachability.m */; };
		0209E14F157954C20073385D /* CFNetwork.framework in Frameworks */ = {isa = PBXBuildFile; fileRef = 0209E14E157954C20073385D /* CFNetwork.framework */; };
		0209E151157954C70073385D /* SystemConfiguration.framework in Frameworks */ = {isa = PBXBuildFile; fileRef = 0209E150157954C70073385D /* SystemConfiguration.framework */; };
		0209E153157954D00073385D /* MobileCoreServices.framework in Frameworks */ = {isa = PBXBuildFile; fileRef = 0209E152157954D00073385D /* MobileCoreServices.framework */; };
		0209E155157954DF0073385D /* libz.dylib in Frameworks */ = {isa = PBXBuildFile; fileRef = 0209E154157954DF0073385D /* libz.dylib */; };
		0209E15815795E6D0073385D /* UIImageView+ASIHTTPRequest.m in Sources */ = {isa = PBXBuildFile; fileRef = 0209E15715795E6D0073385D /* UIImageView+ASIHTTPRequest.m */; };
		0209E15915795E6D0073385D /* UIImageView+ASIHTTPRequest.m in Sources */ = {isa = PBXBuildFile; fileRef = 0209E15715795E6D0073385D /* UIImageView+ASIHTTPRequest.m */; };
		020EB4181585299B00654D2A /* IASKAppSettingsViewController.m in Sources */ = {isa = PBXBuildFile; fileRef = 020EB3F11585299B00654D2A /* IASKAppSettingsViewController.m */; settings = {COMPILER_FLAGS = "-fno-objc-arc"; }; };
		020EB4191585299B00654D2A /* IASKAppSettingsWebViewController.m in Sources */ = {isa = PBXBuildFile; fileRef = 020EB3F31585299B00654D2A /* IASKAppSettingsWebViewController.m */; settings = {COMPILER_FLAGS = "-fno-objc-arc"; }; };
		020EB41A1585299B00654D2A /* IASKSpecifierValuesViewController.m in Sources */ = {isa = PBXBuildFile; fileRef = 020EB3F51585299B00654D2A /* IASKSpecifierValuesViewController.m */; settings = {COMPILER_FLAGS = "-fno-objc-arc"; }; };
		020EB41B1585299B00654D2A /* IASKSettingsReader.m in Sources */ = {isa = PBXBuildFile; fileRef = 020EB3F91585299B00654D2A /* IASKSettingsReader.m */; settings = {COMPILER_FLAGS = "-fno-objc-arc"; }; };
		020EB41C1585299B00654D2A /* IASKSettingsStore.m in Sources */ = {isa = PBXBuildFile; fileRef = 020EB3FB1585299B00654D2A /* IASKSettingsStore.m */; settings = {COMPILER_FLAGS = "-fno-objc-arc"; }; };
		020EB41D1585299B00654D2A /* IASKSettingsStoreFile.m in Sources */ = {isa = PBXBuildFile; fileRef = 020EB3FD1585299B00654D2A /* IASKSettingsStoreFile.m */; settings = {COMPILER_FLAGS = "-fno-objc-arc"; }; };
		020EB41E1585299B00654D2A /* IASKSettingsStoreUserDefaults.m in Sources */ = {isa = PBXBuildFile; fileRef = 020EB3FF1585299B00654D2A /* IASKSettingsStoreUserDefaults.m */; settings = {COMPILER_FLAGS = "-fno-objc-arc"; }; };
		020EB41F1585299B00654D2A /* IASKSpecifier.m in Sources */ = {isa = PBXBuildFile; fileRef = 020EB4011585299B00654D2A /* IASKSpecifier.m */; settings = {COMPILER_FLAGS = "-fno-objc-arc"; }; };
		020EB4201585299B00654D2A /* IASKPSSliderSpecifierViewCell.m in Sources */ = {isa = PBXBuildFile; fileRef = 020EB4041585299B00654D2A /* IASKPSSliderSpecifierViewCell.m */; settings = {COMPILER_FLAGS = "-fno-objc-arc"; }; };
		020EB4211585299B00654D2A /* IASKPSTextFieldSpecifierViewCell.m in Sources */ = {isa = PBXBuildFile; fileRef = 020EB4061585299B00654D2A /* IASKPSTextFieldSpecifierViewCell.m */; settings = {COMPILER_FLAGS = "-fno-objc-arc"; }; };
		020EB4221585299B00654D2A /* IASKPSTitleValueSpecifierViewCell.m in Sources */ = {isa = PBXBuildFile; fileRef = 020EB4081585299B00654D2A /* IASKPSTitleValueSpecifierViewCell.m */; settings = {COMPILER_FLAGS = "-fno-objc-arc"; }; };
		020EB4241585299B00654D2A /* IASKSlider.m in Sources */ = {isa = PBXBuildFile; fileRef = 020EB40C1585299B00654D2A /* IASKSlider.m */; settings = {COMPILER_FLAGS = "-fno-objc-arc"; }; };
		020EB4251585299B00654D2A /* IASKSwitch.m in Sources */ = {isa = PBXBuildFile; fileRef = 020EB40E1585299B00654D2A /* IASKSwitch.m */; settings = {COMPILER_FLAGS = "-fno-objc-arc"; }; };
		020EB4261585299B00654D2A /* IASKTextField.m in Sources */ = {isa = PBXBuildFile; fileRef = 020EB4101585299B00654D2A /* IASKTextField.m */; settings = {COMPILER_FLAGS = "-fno-objc-arc"; }; };
		020EB42E15852A2A00654D2A /* InAppSettings.bundle in Resources */ = {isa = PBXBuildFile; fileRef = 020EB42D15852A2A00654D2A /* InAppSettings.bundle */; };
		020EB43015852C2800654D2A /* MessageUI.framework in Frameworks */ = {isa = PBXBuildFile; fileRef = 020EB42F15852C2800654D2A /* MessageUI.framework */; };
		0220FFC815D7A84700AB8AA3 /* SCGameCell.m in Sources */ = {isa = PBXBuildFile; fileRef = 0220FFC715D7A84700AB8AA3 /* SCGameCell.m */; };
		022D0CCF158349B80071F665 /* Localizable.strings in Resources */ = {isa = PBXBuildFile; fileRef = 022D0CCD158349B80071F665 /* Localizable.strings */; };
		022D0CE01583C4070071F665 /* item_set.png in Resources */ = {isa = PBXBuildFile; fileRef = 022D0CD41583C4070071F665 /* item_set.png */; };
		022D0CE11583C4070071F665 /* item_set@2x.png in Resources */ = {isa = PBXBuildFile; fileRef = 022D0CD51583C4070071F665 /* item_set@2x.png */; };
		022D0CE21583C4070071F665 /* kill_eater.png in Resources */ = {isa = PBXBuildFile; fileRef = 022D0CD61583C4070071F665 /* kill_eater.png */; };
		022D0CE31583C4070071F665 /* kill_eater@2x.png in Resources */ = {isa = PBXBuildFile; fileRef = 022D0CD71583C4070071F665 /* kill_eater@2x.png */; };
		022D0CE41583C4070071F665 /* origin.png in Resources */ = {isa = PBXBuildFile; fileRef = 022D0CD81583C4070071F665 /* origin.png */; };
		022D0CE51583C4070071F665 /* origin@2x.png in Resources */ = {isa = PBXBuildFile; fileRef = 022D0CD91583C4070071F665 /* origin@2x.png */; };
		022D0CE61583C4070071F665 /* quality.png in Resources */ = {isa = PBXBuildFile; fileRef = 022D0CDA1583C4070071F665 /* quality.png */; };
		022D0CE71583C4070071F665 /* quality@2x.png in Resources */ = {isa = PBXBuildFile; fileRef = 022D0CDB1583C4070071F665 /* quality@2x.png */; };
		022D0CE81583C4070071F665 /* settings.png in Resources */ = {isa = PBXBuildFile; fileRef = 022D0CDC1583C4070071F665 /* settings.png */; };
		022D0CE91583C4070071F665 /* settings@2x.png in Resources */ = {isa = PBXBuildFile; fileRef = 022D0CDD1583C4070071F665 /* settings@2x.png */; };
		022D0CEA1583C4070071F665 /* user.png in Resources */ = {isa = PBXBuildFile; fileRef = 022D0CDE1583C4070071F665 /* user.png */; };
		022D0CEB1583C4070071F665 /* user@2x.png in Resources */ = {isa = PBXBuildFile; fileRef = 022D0CDF1583C4070071F665 /* user@2x.png */; };
		022D0CEE158491BB0071F665 /* origin-iphone.png in Resources */ = {isa = PBXBuildFile; fileRef = 022D0CEC158491BB0071F665 /* origin-iphone.png */; };
		022D0CEF158491BB0071F665 /* origin-iphone@2x.png in Resources */ = {isa = PBXBuildFile; fileRef = 022D0CED158491BB0071F665 /* origin-iphone@2x.png */; };
		022D0CF6158494960071F665 /* item_set-iphone.png in Resources */ = {isa = PBXBuildFile; fileRef = 022D0CF0158494960071F665 /* item_set-iphone.png */; };
		022D0CF7158494960071F665 /* item_set-iphone@2x.png in Resources */ = {isa = PBXBuildFile; fileRef = 022D0CF1158494960071F665 /* item_set-iphone@2x.png */; };
		022D0CF8158494960071F665 /* kill_eater-iphone.png in Resources */ = {isa = PBXBuildFile; fileRef = 022D0CF2158494960071F665 /* kill_eater-iphone.png */; };
		022D0CF9158494960071F665 /* kill_eater-iphone@2x.png in Resources */ = {isa = PBXBuildFile; fileRef = 022D0CF3158494960071F665 /* kill_eater-iphone@2x.png */; };
		022D0CFA158494960071F665 /* quality-iphone.png in Resources */ = {isa = PBXBuildFile; fileRef = 022D0CF4158494960071F665 /* quality-iphone.png */; };
		022D0CFB158494960071F665 /* quality-iphone@2x.png in Resources */ = {isa = PBXBuildFile; fileRef = 022D0CF5158494960071F665 /* quality-iphone@2x.png */; };
		022D0D0E1584E5770071F665 /* MainStoryboard_iPad.storyboard in Resources */ = {isa = PBXBuildFile; fileRef = 022D0D0C1584E5770071F665 /* MainStoryboard_iPad.storyboard */; };
		022D0D0F1584E5770071F665 /* MainStoryboard_iPhone.storyboard in Resources */ = {isa = PBXBuildFile; fileRef = 022D0D0D1584E5770071F665 /* MainStoryboard_iPhone.storyboard */; };
		0250CBDB1693C8D100B20A6F /* SCWikiViewController.m in Sources */ = {isa = PBXBuildFile; fileRef = 0250CBDA1693C8D100B20A6F /* SCWikiViewController.m */; };
		0250CC55169589AD00B20A6F /* back.png in Resources */ = {isa = PBXBuildFile; fileRef = 0250CC51169589AD00B20A6F /* back.png */; };
		0250CC56169589AD00B20A6F /* back@2x.png in Resources */ = {isa = PBXBuildFile; fileRef = 0250CC52169589AD00B20A6F /* back@2x.png */; };
		0250CC57169589AD00B20A6F /* forward.png in Resources */ = {isa = PBXBuildFile; fileRef = 0250CC53169589AD00B20A6F /* forward.png */; };
		0250CC58169589AD00B20A6F /* forward@2x.png in Resources */ = {isa = PBXBuildFile; fileRef = 0250CC54169589AD00B20A6F /* forward@2x.png */; };
		0250CC5E1696D6E900B20A6F /* Default.png in Resources */ = {isa = PBXBuildFile; fileRef = 02E7218215938BDE00A18BF1 /* Default.png */; };
		0250CC5F1696D6EC00B20A6F /* Default@2x.png in Resources */ = {isa = PBXBuildFile; fileRef = 02E7218415938BE400A18BF1 /* Default@2x.png */; };
		0255A148155D9BE20092741E /* SCItem.m in Sources */ = {isa = PBXBuildFile; fileRef = 0255A147155D9BE20092741E /* SCItem.m */; };
		0255A14C155D9BF80092741E /* SCSchema.m in Sources */ = {isa = PBXBuildFile; fileRef = 0255A14B155D9BF80092741E /* SCSchema.m */; };
		0266E067169243A0009C6CE8 /* AFHTTPClient.m in Sources */ = {isa = PBXBuildFile; fileRef = 0266E055169243A0009C6CE8 /* AFHTTPClient.m */; };
		0266E068169243A0009C6CE8 /* AFHTTPRequestOperation.m in Sources */ = {isa = PBXBuildFile; fileRef = 0266E057169243A0009C6CE8 /* AFHTTPRequestOperation.m */; };
		0266E069169243A0009C6CE8 /* AFImageRequestOperation.m in Sources */ = {isa = PBXBuildFile; fileRef = 0266E059169243A0009C6CE8 /* AFImageRequestOperation.m */; };
		0266E06A169243A0009C6CE8 /* AFJSONRequestOperation.m in Sources */ = {isa = PBXBuildFile; fileRef = 0266E05B169243A0009C6CE8 /* AFJSONRequestOperation.m */; };
		0266E06B169243A0009C6CE8 /* AFNetworkActivityIndicatorManager.m in Sources */ = {isa = PBXBuildFile; fileRef = 0266E05D169243A0009C6CE8 /* AFNetworkActivityIndicatorManager.m */; };
		0266E06C169243A0009C6CE8 /* AFPropertyListRequestOperation.m in Sources */ = {isa = PBXBuildFile; fileRef = 0266E060169243A0009C6CE8 /* AFPropertyListRequestOperation.m */; };
		0266E06D169243A0009C6CE8 /* AFURLConnectionOperation.m in Sources */ = {isa = PBXBuildFile; fileRef = 0266E062169243A0009C6CE8 /* AFURLConnectionOperation.m */; };
		0266E06E169243A0009C6CE8 /* AFXMLRequestOperation.m in Sources */ = {isa = PBXBuildFile; fileRef = 0266E064169243A0009C6CE8 /* AFXMLRequestOperation.m */; };
		0266E06F169243A0009C6CE8 /* UIImageView+AFNetworking.m in Sources */ = {isa = PBXBuildFile; fileRef = 0266E066169243A0009C6CE8 /* UIImageView+AFNetworking.m */; };
		0266E08F169246A4009C6CE8 /* AFKissXMLRequestOperation.m in Sources */ = {isa = PBXBuildFile; fileRef = 0266E08E169246A4009C6CE8 /* AFKissXMLRequestOperation.m */; };
		0266E0981692479E009C6CE8 /* DDXMLDocument.m in Sources */ = {isa = PBXBuildFile; fileRef = 0266E0931692479D009C6CE8 /* DDXMLDocument.m */; };
		0266E0991692479E009C6CE8 /* DDXMLElement.m in Sources */ = {isa = PBXBuildFile; fileRef = 0266E0951692479E009C6CE8 /* DDXMLElement.m */; };
		0266E09A1692479E009C6CE8 /* DDXMLNode.m in Sources */ = {isa = PBXBuildFile; fileRef = 0266E0971692479E009C6CE8 /* DDXMLNode.m */; };
		0266E0A11692EA14009C6CE8 /* NSString+DDXML.m in Sources */ = {isa = PBXBuildFile; fileRef = 0266E0A01692EA13009C6CE8 /* NSString+DDXML.m */; };
		0266E0A416933ACF009C6CE8 /* SCGame.m in Sources */ = {isa = PBXBuildFile; fileRef = 0266E0A316933ACE009C6CE8 /* SCGame.m */; };
		0269A4A915CC3AEB008A287A /* SCGamesViewController.m in Sources */ = {isa = PBXBuildFile; fileRef = 0269A4A815CC3AEB008A287A /* SCGamesViewController.m */; };
		026F215C156ADA1F00C7BD54 /* SCClassImageView.m in Sources */ = {isa = PBXBuildFile; fileRef = 026F215B156ADA1F00C7BD54 /* SCClassImageView.m */; };
		0275E20D158E6B5B008EA0AD /* SCItemCell.m in Sources */ = {isa = PBXBuildFile; fileRef = 0275E20C158E6B5B008EA0AD /* SCItemCell.m */; };
		02806D75158E263E003A0607 /* item_placeholder.png in Resources */ = {isa = PBXBuildFile; fileRef = 02806D73158E263E003A0607 /* item_placeholder.png */; };
		02806D76158E263E003A0607 /* item_placeholder@2x.png in Resources */ = {isa = PBXBuildFile; fileRef = 02806D74158E263E003A0607 /* item_placeholder@2x.png */; };
		028B640B15265D690040D2FF /* UIKit.framework in Frameworks */ = {isa = PBXBuildFile; fileRef = 028B640A15265D690040D2FF /* UIKit.framework */; };
		028B640D15265D690040D2FF /* Foundation.framework in Frameworks */ = {isa = PBXBuildFile; fileRef = 028B640C15265D690040D2FF /* Foundation.framework */; };
		028B640F15265D690040D2FF /* CoreGraphics.framework in Frameworks */ = {isa = PBXBuildFile; fileRef = 028B640E15265D690040D2FF /* CoreGraphics.framework */; };
		028B641515265D690040D2FF /* InfoPlist.strings in Resources */ = {isa = PBXBuildFile; fileRef = 028B641315265D690040D2FF /* InfoPlist.strings */; };
		028B641715265D690040D2FF /* main.m in Sources */ = {isa = PBXBuildFile; fileRef = 028B641615265D690040D2FF /* main.m */; };
		028B642F15265D690040D2FF /* SenTestingKit.framework in Frameworks */ = {isa = PBXBuildFile; fileRef = 028B642E15265D690040D2FF /* SenTestingKit.framework */; };
		028B643015265D690040D2FF /* UIKit.framework in Frameworks */ = {isa = PBXBuildFile; fileRef = 028B640A15265D690040D2FF /* UIKit.framework */; };
		028B643115265D690040D2FF /* Foundation.framework in Frameworks */ = {isa = PBXBuildFile; fileRef = 028B640C15265D690040D2FF /* Foundation.framework */; };
		028B643915265D690040D2FF /* InfoPlist.strings in Resources */ = {isa = PBXBuildFile; fileRef = 028B643715265D690040D2FF /* InfoPlist.strings */; };
		028B643C15265D690040D2FF /* SuitcaseTests.m in Sources */ = {isa = PBXBuildFile; fileRef = 028B643B15265D690040D2FF /* SuitcaseTests.m */; };
		028B64931526761C0040D2FF /* SCAppDelegate.m in Sources */ = {isa = PBXBuildFile; fileRef = 028B648E1526761C0040D2FF /* SCAppDelegate.m */; };
		028B64941526761C0040D2FF /* SCAppDelegate.m in Sources */ = {isa = PBXBuildFile; fileRef = 028B648E1526761C0040D2FF /* SCAppDelegate.m */; };
		028B64951526761C0040D2FF /* SCItemViewController.m in Sources */ = {isa = PBXBuildFile; fileRef = 028B64901526761C0040D2FF /* SCItemViewController.m */; };
		028B64961526761C0040D2FF /* SCItemViewController.m in Sources */ = {isa = PBXBuildFile; fileRef = 028B64901526761C0040D2FF /* SCItemViewController.m */; };
		028B64971526761C0040D2FF /* SCInventoryViewController.m in Sources */ = {isa = PBXBuildFile; fileRef = 028B64921526761C0040D2FF /* SCInventoryViewController.m */; };
		028B64981526761C0040D2FF /* SCInventoryViewController.m in Sources */ = {isa = PBXBuildFile; fileRef = 028B64921526761C0040D2FF /* SCInventoryViewController.m */; };
		0295DAC0152A44CC00B18882 /* SCSteamIdFormController.m in Sources */ = {isa = PBXBuildFile; fileRef = 0295DABF152A44CC00B18882 /* SCSteamIdFormController.m */; };
		029B08F4159261A600BD6271 /* Settings.bundle in Resources */ = {isa = PBXBuildFile; fileRef = 029B08F3159261A600BD6271 /* Settings.bundle */; };
		02A8FE8015922D3700D3300D /* SCImageCache.m in Sources */ = {isa = PBXBuildFile; fileRef = 02A8FE7F15922D3700D3300D /* SCImageCache.m */; };
		02C516C51657A4170092ED5A /* TTTAttributedLabel.m in Sources */ = {isa = PBXBuildFile; fileRef = 02C516C41657A4170092ED5A /* TTTAttributedLabel.m */; };
		02CCB0BB158E7C6F0080BF45 /* SCInventory.m in Sources */ = {isa = PBXBuildFile; fileRef = 02CCB0BA158E7C6F0080BF45 /* SCInventory.m */; };
		02CFAACE157818730086E34B /* Icon.png in Resources */ = {isa = PBXBuildFile; fileRef = 02CFAACD157818730086E34B /* Icon.png */; };
		02CFAAD0157818760086E34B /* Icon@2x.png in Resources */ = {isa = PBXBuildFile; fileRef = 02CFAACF157818760086E34B /* Icon@2x.png */; };
		02CFAAD2157818820086E34B /* Icon-72.png in Resources */ = {isa = PBXBuildFile; fileRef = 02CFAAD1157818820086E34B /* Icon-72.png */; };
		02D2E126157FCEA300DFBF7B /* Icon-72@2x.png in Resources */ = {isa = PBXBuildFile; fileRef = 02D2E125157FCEA300DFBF7B /* Icon-72@2x.png */; };
		02DDB4861582A9E0004DB9D8 /* QuartzCore.framework in Frameworks */ = {isa = PBXBuildFile; fileRef = 02DDB4851582A9E0004DB9D8 /* QuartzCore.framework */; };
		02E7218715938BED00A18BF1 /* Default-Landscape~ipad.png in Resources */ = {isa = PBXBuildFile; fileRef = 02E7218615938BED00A18BF1 /* Default-Landscape~ipad.png */; };
		02E7218915938BF000A18BF1 /* Default-Landscape@2x~ipad.png in Resources */ = {isa = PBXBuildFile; fileRef = 02E7218815938BF000A18BF1 /* Default-Landscape@2x~ipad.png */; };
		02F37EC41580152300BFB1B5 /* CoreText.framework in Frameworks */ = {isa = PBXBuildFile; fileRef = 02F37EC31580152300BFB1B5 /* CoreText.framework */; };
/* End PBXBuildFile section */

/* Begin PBXContainerItemProxy section */
		028B643215265D690040D2FF /* PBXContainerItemProxy */ = {
			isa = PBXContainerItemProxy;
			containerPortal = 028B63FD15265D680040D2FF /* Project object */;
			proxyType = 1;
			remoteGlobalIDString = 028B640515265D680040D2FF;
			remoteInfo = Suitcase;
		};
/* End PBXContainerItemProxy section */

/* Begin PBXFileReference section */
		02010B1C1696DE0A00007456 /* Default-568h@2x.png */ = {isa = PBXFileReference; lastKnownFileType = image.png; path = "Default-568h@2x.png"; sourceTree = SOURCE_ROOT; };
		02010B271696E22A00007456 /* SCItemImageView.h */ = {isa = PBXFileReference; fileEncoding = 4; lastKnownFileType = sourcecode.c.h; name = SCItemImageView.h; path = Classes/SCItemImageView.h; sourceTree = "<group>"; };
		02010B281696E22A00007456 /* SCItemImageView.m */ = {isa = PBXFileReference; fileEncoding = 4; lastKnownFileType = sourcecode.c.objc; name = SCItemImageView.m; path = Classes/SCItemImageView.m; sourceTree = "<group>"; };
		02010B2D169842FA00007456 /* SCNavigationControllerDelegate.h */ = {isa = PBXFileReference; fileEncoding = 4; lastKnownFileType = sourcecode.c.h; name = SCNavigationControllerDelegate.h; path = Classes/SCNavigationControllerDelegate.h; sourceTree = "<group>"; };
		02010B2E169842FA00007456 /* SCNavigationControllerDelegate.m */ = {isa = PBXFileReference; fileEncoding = 4; lastKnownFileType = sourcecode.c.objc; name = SCNavigationControllerDelegate.m; path = Classes/SCNavigationControllerDelegate.m; sourceTree = "<group>"; };
		020958C3169386AF00A44851 /* SCSettingsViewController.h */ = {isa = PBXFileReference; fileEncoding = 4; lastKnownFileType = sourcecode.c.h; name = SCSettingsViewController.h; path = Classes/SCSettingsViewController.h; sourceTree = "<group>"; };
		020958C4169386B000A44851 /* SCSettingsViewController.m */ = {isa = PBXFileReference; fileEncoding = 4; lastKnownFileType = sourcecode.c.objc; name = SCSettingsViewController.m; path = Classes/SCSettingsViewController.m; sourceTree = "<group>"; };
		020958C61693926300A44851 /* game_placeholder.png */ = {isa = PBXFileReference; lastKnownFileType = image.png; name = game_placeholder.png; path = Images/game_placeholder.png; sourceTree = "<group>"; };
		020958C71693926300A44851 /* game_placeholder@2x.png */ = {isa = PBXFileReference; lastKnownFileType = image.png; name = "game_placeholder@2x.png"; path = "Images/game_placeholder@2x.png"; sourceTree = "<group>"; };
		0209E126157951300073385D /* ASIAuthenticationDialog.h */ = {isa = PBXFileReference; fileEncoding = 4; lastKnownFileType = sourcecode.c.h; name = ASIAuthenticationDialog.h; path = Classes/External/ASIHTTPRequest/Classes/ASIAuthenticationDialog.h; sourceTree = "<group>"; };
		0209E127157951300073385D /* ASIAuthenticationDialog.m */ = {isa = PBXFileReference; fileEncoding = 4; lastKnownFileType = sourcecode.c.objc; name = ASIAuthenticationDialog.m; path = Classes/External/ASIHTTPRequest/Classes/ASIAuthenticationDialog.m; sourceTree = "<group>"; };
		0209E128157951300073385D /* ASICacheDelegate.h */ = {isa = PBXFileReference; fileEncoding = 4; lastKnownFileType = sourcecode.c.h; name = ASICacheDelegate.h; path = Classes/External/ASIHTTPRequest/Classes/ASICacheDelegate.h; sourceTree = "<group>"; };
		0209E129157951300073385D /* ASIDataCompressor.h */ = {isa = PBXFileReference; fileEncoding = 4; lastKnownFileType = sourcecode.c.h; name = ASIDataCompressor.h; path = Classes/External/ASIHTTPRequest/Classes/ASIDataCompressor.h; sourceTree = "<group>"; };
		0209E12A157951300073385D /* ASIDataCompressor.m */ = {isa = PBXFileReference; fileEncoding = 4; lastKnownFileType = sourcecode.c.objc; name = ASIDataCompressor.m; path = Classes/External/ASIHTTPRequest/Classes/ASIDataCompressor.m; sourceTree = "<group>"; };
		0209E12B157951300073385D /* ASIDataDecompressor.h */ = {isa = PBXFileReference; fileEncoding = 4; lastKnownFileType = sourcecode.c.h; name = ASIDataDecompressor.h; path = Classes/External/ASIHTTPRequest/Classes/ASIDataDecompressor.h; sourceTree = "<group>"; };
		0209E12C157951300073385D /* ASIDataDecompressor.m */ = {isa = PBXFileReference; fileEncoding = 4; lastKnownFileType = sourcecode.c.objc; name = ASIDataDecompressor.m; path = Classes/External/ASIHTTPRequest/Classes/ASIDataDecompressor.m; sourceTree = "<group>"; };
		0209E12D157951300073385D /* ASIDownloadCache.h */ = {isa = PBXFileReference; fileEncoding = 4; lastKnownFileType = sourcecode.c.h; name = ASIDownloadCache.h; path = Classes/External/ASIHTTPRequest/Classes/ASIDownloadCache.h; sourceTree = "<group>"; };
		0209E12E157951300073385D /* ASIDownloadCache.m */ = {isa = PBXFileReference; fileEncoding = 4; lastKnownFileType = sourcecode.c.objc; name = ASIDownloadCache.m; path = Classes/External/ASIHTTPRequest/Classes/ASIDownloadCache.m; sourceTree = "<group>"; };
		0209E12F157951300073385D /* ASIFormDataRequest.h */ = {isa = PBXFileReference; fileEncoding = 4; lastKnownFileType = sourcecode.c.h; name = ASIFormDataRequest.h; path = Classes/External/ASIHTTPRequest/Classes/ASIFormDataRequest.h; sourceTree = "<group>"; };
		0209E130157951300073385D /* ASIFormDataRequest.m */ = {isa = PBXFileReference; fileEncoding = 4; lastKnownFileType = sourcecode.c.objc; name = ASIFormDataRequest.m; path = Classes/External/ASIHTTPRequest/Classes/ASIFormDataRequest.m; sourceTree = "<group>"; };
		0209E131157951300073385D /* ASIHTTPRequest.h */ = {isa = PBXFileReference; fileEncoding = 4; lastKnownFileType = sourcecode.c.h; name = ASIHTTPRequest.h; path = Classes/External/ASIHTTPRequest/Classes/ASIHTTPRequest.h; sourceTree = "<group>"; };
		0209E132157951300073385D /* ASIHTTPRequest.m */ = {isa = PBXFileReference; fileEncoding = 4; lastKnownFileType = sourcecode.c.objc; name = ASIHTTPRequest.m; path = Classes/External/ASIHTTPRequest/Classes/ASIHTTPRequest.m; sourceTree = "<group>"; };
		0209E133157951300073385D /* ASIHTTPRequestConfig.h */ = {isa = PBXFileReference; fileEncoding = 4; lastKnownFileType = sourcecode.c.h; name = ASIHTTPRequestConfig.h; path = Classes/External/ASIHTTPRequest/Classes/ASIHTTPRequestConfig.h; sourceTree = "<group>"; };
		0209E134157951300073385D /* ASIHTTPRequestDelegate.h */ = {isa = PBXFileReference; fileEncoding = 4; lastKnownFileType = sourcecode.c.h; name = ASIHTTPRequestDelegate.h; path = Classes/External/ASIHTTPRequest/Classes/ASIHTTPRequestDelegate.h; sourceTree = "<group>"; };
		0209E135157951300073385D /* ASIInputStream.h */ = {isa = PBXFileReference; fileEncoding = 4; lastKnownFileType = sourcecode.c.h; name = ASIInputStream.h; path = Classes/External/ASIHTTPRequest/Classes/ASIInputStream.h; sourceTree = "<group>"; };
		0209E136157951300073385D /* ASIInputStream.m */ = {isa = PBXFileReference; fileEncoding = 4; lastKnownFileType = sourcecode.c.objc; name = ASIInputStream.m; path = Classes/External/ASIHTTPRequest/Classes/ASIInputStream.m; sourceTree = "<group>"; };
		0209E137157951300073385D /* ASINetworkQueue.h */ = {isa = PBXFileReference; fileEncoding = 4; lastKnownFileType = sourcecode.c.h; name = ASINetworkQueue.h; path = Classes/External/ASIHTTPRequest/Classes/ASINetworkQueue.h; sourceTree = "<group>"; };
		0209E138157951300073385D /* ASINetworkQueue.m */ = {isa = PBXFileReference; fileEncoding = 4; lastKnownFileType = sourcecode.c.objc; name = ASINetworkQueue.m; path = Classes/External/ASIHTTPRequest/Classes/ASINetworkQueue.m; sourceTree = "<group>"; };
		0209E139157951300073385D /* ASIProgressDelegate.h */ = {isa = PBXFileReference; fileEncoding = 4; lastKnownFileType = sourcecode.c.h; name = ASIProgressDelegate.h; path = Classes/External/ASIHTTPRequest/Classes/ASIProgressDelegate.h; sourceTree = "<group>"; };
		0209E14A157954270073385D /* Reachability.h */ = {isa = PBXFileReference; fileEncoding = 4; lastKnownFileType = sourcecode.c.h; name = Reachability.h; path = Classes/External/ASIHTTPRequest/External/Reachability/Reachability.h; sourceTree = "<group>"; };
		0209E14B157954270073385D /* Reachability.m */ = {isa = PBXFileReference; fileEncoding = 4; lastKnownFileType = sourcecode.c.objc; name = Reachability.m; path = Classes/External/ASIHTTPRequest/External/Reachability/Reachability.m; sourceTree = "<group>"; };
		0209E14E157954C20073385D /* CFNetwork.framework */ = {isa = PBXFileReference; lastKnownFileType = wrapper.framework; name = CFNetwork.framework; path = System/Library/Frameworks/CFNetwork.framework; sourceTree = SDKROOT; };
		0209E150157954C70073385D /* SystemConfiguration.framework */ = {isa = PBXFileReference; lastKnownFileType = wrapper.framework; name = SystemConfiguration.framework; path = System/Library/Frameworks/SystemConfiguration.framework; sourceTree = SDKROOT; };
		0209E152157954D00073385D /* MobileCoreServices.framework */ = {isa = PBXFileReference; lastKnownFileType = wrapper.framework; name = MobileCoreServices.framework; path = System/Library/Frameworks/MobileCoreServices.framework; sourceTree = SDKROOT; };
		0209E154157954DF0073385D /* libz.dylib */ = {isa = PBXFileReference; lastKnownFileType = "compiled.mach-o.dylib"; name = libz.dylib; path = usr/lib/libz.dylib; sourceTree = SDKROOT; };
		0209E15615795E6C0073385D /* UIImageView+ASIHTTPRequest.h */ = {isa = PBXFileReference; fileEncoding = 4; lastKnownFileType = sourcecode.c.h; name = "UIImageView+ASIHTTPRequest.h"; path = "Classes/UIImageView+ASIHTTPRequest.h"; sourceTree = "<group>"; };
		0209E15715795E6D0073385D /* UIImageView+ASIHTTPRequest.m */ = {isa = PBXFileReference; fileEncoding = 4; lastKnownFileType = sourcecode.c.objc; name = "UIImageView+ASIHTTPRequest.m"; path = "Classes/UIImageView+ASIHTTPRequest.m"; sourceTree = "<group>"; };
		020EB3F01585299B00654D2A /* IASKAppSettingsViewController.h */ = {isa = PBXFileReference; fileEncoding = 4; lastKnownFileType = sourcecode.c.h; path = IASKAppSettingsViewController.h; sourceTree = "<group>"; };
		020EB3F11585299B00654D2A /* IASKAppSettingsViewController.m */ = {isa = PBXFileReference; fileEncoding = 4; lastKnownFileType = sourcecode.c.objc; path = IASKAppSettingsViewController.m; sourceTree = "<group>"; };
		020EB3F21585299B00654D2A /* IASKAppSettingsWebViewController.h */ = {isa = PBXFileReference; fileEncoding = 4; lastKnownFileType = sourcecode.c.h; path = IASKAppSettingsWebViewController.h; sourceTree = "<group>"; };
		020EB3F31585299B00654D2A /* IASKAppSettingsWebViewController.m */ = {isa = PBXFileReference; fileEncoding = 4; lastKnownFileType = sourcecode.c.objc; path = IASKAppSettingsWebViewController.m; sourceTree = "<group>"; };
		020EB3F41585299B00654D2A /* IASKSpecifierValuesViewController.h */ = {isa = PBXFileReference; fileEncoding = 4; lastKnownFileType = sourcecode.c.h; path = IASKSpecifierValuesViewController.h; sourceTree = "<group>"; };
		020EB3F51585299B00654D2A /* IASKSpecifierValuesViewController.m */ = {isa = PBXFileReference; fileEncoding = 4; lastKnownFileType = sourcecode.c.objc; path = IASKSpecifierValuesViewController.m; sourceTree = "<group>"; };
		020EB3F61585299B00654D2A /* IASKViewController.h */ = {isa = PBXFileReference; fileEncoding = 4; lastKnownFileType = sourcecode.c.h; path = IASKViewController.h; sourceTree = "<group>"; };
		020EB3F81585299B00654D2A /* IASKSettingsReader.h */ = {isa = PBXFileReference; fileEncoding = 4; lastKnownFileType = sourcecode.c.h; path = IASKSettingsReader.h; sourceTree = "<group>"; };
		020EB3F91585299B00654D2A /* IASKSettingsReader.m */ = {isa = PBXFileReference; fileEncoding = 4; lastKnownFileType = sourcecode.c.objc; path = IASKSettingsReader.m; sourceTree = "<group>"; };
		020EB3FA1585299B00654D2A /* IASKSettingsStore.h */ = {isa = PBXFileReference; fileEncoding = 4; lastKnownFileType = sourcecode.c.h; path = IASKSettingsStore.h; sourceTree = "<group>"; };
		020EB3FB1585299B00654D2A /* IASKSettingsStore.m */ = {isa = PBXFileReference; fileEncoding = 4; lastKnownFileType = sourcecode.c.objc; path = IASKSettingsStore.m; sourceTree = "<group>"; };
		020EB3FC1585299B00654D2A /* IASKSettingsStoreFile.h */ = {isa = PBXFileReference; fileEncoding = 4; lastKnownFileType = sourcecode.c.h; path = IASKSettingsStoreFile.h; sourceTree = "<group>"; };
		020EB3FD1585299B00654D2A /* IASKSettingsStoreFile.m */ = {isa = PBXFileReference; fileEncoding = 4; lastKnownFileType = sourcecode.c.objc; path = IASKSettingsStoreFile.m; sourceTree = "<group>"; };
		020EB3FE1585299B00654D2A /* IASKSettingsStoreUserDefaults.h */ = {isa = PBXFileReference; fileEncoding = 4; lastKnownFileType = sourcecode.c.h; path = IASKSettingsStoreUserDefaults.h; sourceTree = "<group>"; };
		020EB3FF1585299B00654D2A /* IASKSettingsStoreUserDefaults.m */ = {isa = PBXFileReference; fileEncoding = 4; lastKnownFileType = sourcecode.c.objc; path = IASKSettingsStoreUserDefaults.m; sourceTree = "<group>"; };
		020EB4001585299B00654D2A /* IASKSpecifier.h */ = {isa = PBXFileReference; fileEncoding = 4; lastKnownFileType = sourcecode.c.h; path = IASKSpecifier.h; sourceTree = "<group>"; };
		020EB4011585299B00654D2A /* IASKSpecifier.m */ = {isa = PBXFileReference; fileEncoding = 4; lastKnownFileType = sourcecode.c.objc; path = IASKSpecifier.m; sourceTree = "<group>"; };
		020EB4031585299B00654D2A /* IASKPSSliderSpecifierViewCell.h */ = {isa = PBXFileReference; fileEncoding = 4; lastKnownFileType = sourcecode.c.h; path = IASKPSSliderSpecifierViewCell.h; sourceTree = "<group>"; };
		020EB4041585299B00654D2A /* IASKPSSliderSpecifierViewCell.m */ = {isa = PBXFileReference; fileEncoding = 4; lastKnownFileType = sourcecode.c.objc; path = IASKPSSliderSpecifierViewCell.m; sourceTree = "<group>"; };
		020EB4051585299B00654D2A /* IASKPSTextFieldSpecifierViewCell.h */ = {isa = PBXFileReference; fileEncoding = 4; lastKnownFileType = sourcecode.c.h; path = IASKPSTextFieldSpecifierViewCell.h; sourceTree = "<group>"; };
		020EB4061585299B00654D2A /* IASKPSTextFieldSpecifierViewCell.m */ = {isa = PBXFileReference; fileEncoding = 4; lastKnownFileType = sourcecode.c.objc; path = IASKPSTextFieldSpecifierViewCell.m; sourceTree = "<group>"; };
		020EB4071585299B00654D2A /* IASKPSTitleValueSpecifierViewCell.h */ = {isa = PBXFileReference; fileEncoding = 4; lastKnownFileType = sourcecode.c.h; path = IASKPSTitleValueSpecifierViewCell.h; sourceTree = "<group>"; };
		020EB4081585299B00654D2A /* IASKPSTitleValueSpecifierViewCell.m */ = {isa = PBXFileReference; fileEncoding = 4; lastKnownFileType = sourcecode.c.objc; path = IASKPSTitleValueSpecifierViewCell.m; sourceTree = "<group>"; };
		020EB40B1585299B00654D2A /* IASKSlider.h */ = {isa = PBXFileReference; fileEncoding = 4; lastKnownFileType = sourcecode.c.h; path = IASKSlider.h; sourceTree = "<group>"; };
		020EB40C1585299B00654D2A /* IASKSlider.m */ = {isa = PBXFileReference; fileEncoding = 4; lastKnownFileType = sourcecode.c.objc; path = IASKSlider.m; sourceTree = "<group>"; };
		020EB40D1585299B00654D2A /* IASKSwitch.h */ = {isa = PBXFileReference; fileEncoding = 4; lastKnownFileType = sourcecode.c.h; path = IASKSwitch.h; sourceTree = "<group>"; };
		020EB40E1585299B00654D2A /* IASKSwitch.m */ = {isa = PBXFileReference; fileEncoding = 4; lastKnownFileType = sourcecode.c.objc; path = IASKSwitch.m; sourceTree = "<group>"; };
		020EB40F1585299B00654D2A /* IASKTextField.h */ = {isa = PBXFileReference; fileEncoding = 4; lastKnownFileType = sourcecode.c.h; path = IASKTextField.h; sourceTree = "<group>"; };
		020EB4101585299B00654D2A /* IASKTextField.m */ = {isa = PBXFileReference; fileEncoding = 4; lastKnownFileType = sourcecode.c.objc; path = IASKTextField.m; sourceTree = "<group>"; };
		020EB42D15852A2A00654D2A /* InAppSettings.bundle */ = {isa = PBXFileReference; lastKnownFileType = "wrapper.plug-in"; path = InAppSettings.bundle; sourceTree = "<group>"; };
		020EB42F15852C2800654D2A /* MessageUI.framework */ = {isa = PBXFileReference; lastKnownFileType = wrapper.framework; name = MessageUI.framework; path = System/Library/Frameworks/MessageUI.framework; sourceTree = SDKROOT; };
		0220FFC615D7A84700AB8AA3 /* SCGameCell.h */ = {isa = PBXFileReference; fileEncoding = 4; lastKnownFileType = sourcecode.c.h; name = SCGameCell.h; path = Classes/SCGameCell.h; sourceTree = "<group>"; };
		0220FFC715D7A84700AB8AA3 /* SCGameCell.m */ = {isa = PBXFileReference; fileEncoding = 4; lastKnownFileType = sourcecode.c.objc; name = SCGameCell.m; path = Classes/SCGameCell.m; sourceTree = "<group>"; };
		022D0CCE158349B80071F665 /* de */ = {isa = PBXFileReference; lastKnownFileType = text.plist.strings; name = de; path = de.lproj/Localizable.strings; sourceTree = "<group>"; };
		022D0CD41583C4070071F665 /* item_set.png */ = {isa = PBXFileReference; lastKnownFileType = image.png; name = item_set.png; path = Images/item_set.png; sourceTree = "<group>"; };
		022D0CD51583C4070071F665 /* item_set@2x.png */ = {isa = PBXFileReference; lastKnownFileType = image.png; name = "item_set@2x.png"; path = "Images/item_set@2x.png"; sourceTree = "<group>"; };
		022D0CD61583C4070071F665 /* kill_eater.png */ = {isa = PBXFileReference; lastKnownFileType = image.png; name = kill_eater.png; path = Images/kill_eater.png; sourceTree = "<group>"; };
		022D0CD71583C4070071F665 /* kill_eater@2x.png */ = {isa = PBXFileReference; lastKnownFileType = image.png; name = "kill_eater@2x.png"; path = "Images/kill_eater@2x.png"; sourceTree = "<group>"; };
		022D0CD81583C4070071F665 /* origin.png */ = {isa = PBXFileReference; lastKnownFileType = image.png; name = origin.png; path = Images/origin.png; sourceTree = "<group>"; };
		022D0CD91583C4070071F665 /* origin@2x.png */ = {isa = PBXFileReference; lastKnownFileType = image.png; name = "origin@2x.png"; path = "Images/origin@2x.png"; sourceTree = "<group>"; };
		022D0CDA1583C4070071F665 /* quality.png */ = {isa = PBXFileReference; lastKnownFileType = image.png; name = quality.png; path = Images/quality.png; sourceTree = "<group>"; };
		022D0CDB1583C4070071F665 /* quality@2x.png */ = {isa = PBXFileReference; lastKnownFileType = image.png; name = "quality@2x.png"; path = "Images/quality@2x.png"; sourceTree = "<group>"; };
		022D0CDC1583C4070071F665 /* settings.png */ = {isa = PBXFileReference; lastKnownFileType = image.png; name = settings.png; path = Images/settings.png; sourceTree = "<group>"; };
		022D0CDD1583C4070071F665 /* settings@2x.png */ = {isa = PBXFileReference; lastKnownFileType = image.png; name = "settings@2x.png"; path = "Images/settings@2x.png"; sourceTree = "<group>"; };
		022D0CDE1583C4070071F665 /* user.png */ = {isa = PBXFileReference; lastKnownFileType = image.png; name = user.png; path = Images/user.png; sourceTree = "<group>"; };
		022D0CDF1583C4070071F665 /* user@2x.png */ = {isa = PBXFileReference; lastKnownFileType = image.png; name = "user@2x.png"; path = "Images/user@2x.png"; sourceTree = "<group>"; };
		022D0CEC158491BB0071F665 /* origin-iphone.png */ = {isa = PBXFileReference; lastKnownFileType = image.png; name = "origin-iphone.png"; path = "Images/origin-iphone.png"; sourceTree = "<group>"; };
		022D0CED158491BB0071F665 /* origin-iphone@2x.png */ = {isa = PBXFileReference; lastKnownFileType = image.png; name = "origin-iphone@2x.png"; path = "Images/origin-iphone@2x.png"; sourceTree = "<group>"; };
		022D0CF0158494960071F665 /* item_set-iphone.png */ = {isa = PBXFileReference; lastKnownFileType = image.png; name = "item_set-iphone.png"; path = "Images/item_set-iphone.png"; sourceTree = "<group>"; };
		022D0CF1158494960071F665 /* item_set-iphone@2x.png */ = {isa = PBXFileReference; lastKnownFileType = image.png; name = "item_set-iphone@2x.png"; path = "Images/item_set-iphone@2x.png"; sourceTree = "<group>"; };
		022D0CF2158494960071F665 /* kill_eater-iphone.png */ = {isa = PBXFileReference; lastKnownFileType = image.png; name = "kill_eater-iphone.png"; path = "Images/kill_eater-iphone.png"; sourceTree = "<group>"; };
		022D0CF3158494960071F665 /* kill_eater-iphone@2x.png */ = {isa = PBXFileReference; lastKnownFileType = image.png; name = "kill_eater-iphone@2x.png"; path = "Images/kill_eater-iphone@2x.png"; sourceTree = "<group>"; };
		022D0CF4158494960071F665 /* quality-iphone.png */ = {isa = PBXFileReference; lastKnownFileType = image.png; name = "quality-iphone.png"; path = "Images/quality-iphone.png"; sourceTree = "<group>"; };
		022D0CF5158494960071F665 /* quality-iphone@2x.png */ = {isa = PBXFileReference; lastKnownFileType = image.png; name = "quality-iphone@2x.png"; path = "Images/quality-iphone@2x.png"; sourceTree = "<group>"; };
		022D0D0C1584E5770071F665 /* MainStoryboard_iPad.storyboard */ = {isa = PBXFileReference; fileEncoding = 4; lastKnownFileType = file.storyboard; path = MainStoryboard_iPad.storyboard; sourceTree = "<group>"; };
		022D0D0D1584E5770071F665 /* MainStoryboard_iPhone.storyboard */ = {isa = PBXFileReference; fileEncoding = 4; lastKnownFileType = file.storyboard; path = MainStoryboard_iPhone.storyboard; sourceTree = "<group>"; };
		022D0D101584E7870071F665 /* en */ = {isa = PBXFileReference; lastKnownFileType = text.plist.strings; name = en; path = en.lproj/Localizable.strings; sourceTree = "<group>"; };
		0250CBD91693C8D100B20A6F /* SCWikiViewController.h */ = {isa = PBXFileReference; fileEncoding = 4; lastKnownFileType = sourcecode.c.h; name = SCWikiViewController.h; path = Classes/SCWikiViewController.h; sourceTree = "<group>"; };
		0250CBDA1693C8D100B20A6F /* SCWikiViewController.m */ = {isa = PBXFileReference; fileEncoding = 4; lastKnownFileType = sourcecode.c.objc; name = SCWikiViewController.m; path = Classes/SCWikiViewController.m; sourceTree = "<group>"; };
		0250CC51169589AD00B20A6F /* back.png */ = {isa = PBXFileReference; lastKnownFileType = image.png; name = back.png; path = Images/back.png; sourceTree = "<group>"; };
		0250CC52169589AD00B20A6F /* back@2x.png */ = {isa = PBXFileReference; lastKnownFileType = image.png; name = "back@2x.png"; path = "Images/back@2x.png"; sourceTree = "<group>"; };
		0250CC53169589AD00B20A6F /* forward.png */ = {isa = PBXFileReference; lastKnownFileType = image.png; name = forward.png; path = Images/forward.png; sourceTree = "<group>"; };
		0250CC54169589AD00B20A6F /* forward@2x.png */ = {isa = PBXFileReference; lastKnownFileType = image.png; name = "forward@2x.png"; path = "Images/forward@2x.png"; sourceTree = "<group>"; };
		0255A146155D9BE20092741E /* SCItem.h */ = {isa = PBXFileReference; fileEncoding = 4; lastKnownFileType = sourcecode.c.h; name = SCItem.h; path = Classes/SCItem.h; sourceTree = "<group>"; };
		0255A147155D9BE20092741E /* SCItem.m */ = {isa = PBXFileReference; fileEncoding = 4; lastKnownFileType = sourcecode.c.objc; name = SCItem.m; path = Classes/SCItem.m; sourceTree = "<group>"; };
		0255A14A155D9BF80092741E /* SCSchema.h */ = {isa = PBXFileReference; fileEncoding = 4; lastKnownFileType = sourcecode.c.h; name = SCSchema.h; path = Classes/SCSchema.h; sourceTree = "<group>"; };
		0255A14B155D9BF80092741E /* SCSchema.m */ = {isa = PBXFileReference; fileEncoding = 4; lastKnownFileType = sourcecode.c.objc; name = SCSchema.m; path = Classes/SCSchema.m; sourceTree = "<group>"; };
		0266DFE016920437009C6CE8 /* Suitcase.xcconfig */ = {isa = PBXFileReference; lastKnownFileType = text.xcconfig; path = Suitcase.xcconfig; sourceTree = "<group>"; };
		0266E054169243A0009C6CE8 /* AFHTTPClient.h */ = {isa = PBXFileReference; fileEncoding = 4; lastKnownFileType = sourcecode.c.h; path = AFHTTPClient.h; sourceTree = "<group>"; };
		0266E055169243A0009C6CE8 /* AFHTTPClient.m */ = {isa = PBXFileReference; fileEncoding = 4; lastKnownFileType = sourcecode.c.objc; path = AFHTTPClient.m; sourceTree = "<group>"; };
		0266E056169243A0009C6CE8 /* AFHTTPRequestOperation.h */ = {isa = PBXFileReference; fileEncoding = 4; lastKnownFileType = sourcecode.c.h; path = AFHTTPRequestOperation.h; sourceTree = "<group>"; };
		0266E057169243A0009C6CE8 /* AFHTTPRequestOperation.m */ = {isa = PBXFileReference; fileEncoding = 4; lastKnownFileType = sourcecode.c.objc; path = AFHTTPRequestOperation.m; sourceTree = "<group>"; };
		0266E058169243A0009C6CE8 /* AFImageRequestOperation.h */ = {isa = PBXFileReference; fileEncoding = 4; lastKnownFileType = sourcecode.c.h; path = AFImageRequestOperation.h; sourceTree = "<group>"; };
		0266E059169243A0009C6CE8 /* AFImageRequestOperation.m */ = {isa = PBXFileReference; fileEncoding = 4; lastKnownFileType = sourcecode.c.objc; path = AFImageRequestOperation.m; sourceTree = "<group>"; };
		0266E05A169243A0009C6CE8 /* AFJSONRequestOperation.h */ = {isa = PBXFileReference; fileEncoding = 4; lastKnownFileType = sourcecode.c.h; path = AFJSONRequestOperation.h; sourceTree = "<group>"; };
		0266E05B169243A0009C6CE8 /* AFJSONRequestOperation.m */ = {isa = PBXFileReference; fileEncoding = 4; lastKnownFileType = sourcecode.c.objc; path = AFJSONRequestOperation.m; sourceTree = "<group>"; };
		0266E05C169243A0009C6CE8 /* AFNetworkActivityIndicatorManager.h */ = {isa = PBXFileReference; fileEncoding = 4; lastKnownFileType = sourcecode.c.h; path = AFNetworkActivityIndicatorManager.h; sourceTree = "<group>"; };
		0266E05D169243A0009C6CE8 /* AFNetworkActivityIndicatorManager.m */ = {isa = PBXFileReference; fileEncoding = 4; lastKnownFileType = sourcecode.c.objc; path = AFNetworkActivityIndicatorManager.m; sourceTree = "<group>"; };
		0266E05E169243A0009C6CE8 /* AFNetworking.h */ = {isa = PBXFileReference; fileEncoding = 4; lastKnownFileType = sourcecode.c.h; path = AFNetworking.h; sourceTree = "<group>"; };
		0266E05F169243A0009C6CE8 /* AFPropertyListRequestOperation.h */ = {isa = PBXFileReference; fileEncoding = 4; lastKnownFileType = sourcecode.c.h; path = AFPropertyListRequestOperation.h; sourceTree = "<group>"; };
		0266E060169243A0009C6CE8 /* AFPropertyListRequestOperation.m */ = {isa = PBXFileReference; fileEncoding = 4; lastKnownFileType = sourcecode.c.objc; path = AFPropertyListRequestOperation.m; sourceTree = "<group>"; };
		0266E061169243A0009C6CE8 /* AFURLConnectionOperation.h */ = {isa = PBXFileReference; fileEncoding = 4; lastKnownFileType = sourcecode.c.h; path = AFURLConnectionOperation.h; sourceTree = "<group>"; };
		0266E062169243A0009C6CE8 /* AFURLConnectionOperation.m */ = {isa = PBXFileReference; fileEncoding = 4; lastKnownFileType = sourcecode.c.objc; path = AFURLConnectionOperation.m; sourceTree = "<group>"; };
		0266E063169243A0009C6CE8 /* AFXMLRequestOperation.h */ = {isa = PBXFileReference; fileEncoding = 4; lastKnownFileType = sourcecode.c.h; path = AFXMLRequestOperation.h; sourceTree = "<group>"; };
		0266E064169243A0009C6CE8 /* AFXMLRequestOperation.m */ = {isa = PBXFileReference; fileEncoding = 4; lastKnownFileType = sourcecode.c.objc; path = AFXMLRequestOperation.m; sourceTree = "<group>"; };
		0266E065169243A0009C6CE8 /* UIImageView+AFNetworking.h */ = {isa = PBXFileReference; fileEncoding = 4; lastKnownFileType = sourcecode.c.h; path = "UIImageView+AFNetworking.h"; sourceTree = "<group>"; };
		0266E066169243A0009C6CE8 /* UIImageView+AFNetworking.m */ = {isa = PBXFileReference; fileEncoding = 4; lastKnownFileType = sourcecode.c.objc; path = "UIImageView+AFNetworking.m"; sourceTree = "<group>"; };
		0266E08D169246A4009C6CE8 /* AFKissXMLRequestOperation.h */ = {isa = PBXFileReference; fileEncoding = 4; lastKnownFileType = sourcecode.c.h; name = AFKissXMLRequestOperation.h; path = ../../AFKissXMLRequestOperation/AFKissXMLRequestOperation.h; sourceTree = "<group>"; };
		0266E08E169246A4009C6CE8 /* AFKissXMLRequestOperation.m */ = {isa = PBXFileReference; fileEncoding = 4; lastKnownFileType = sourcecode.c.objc; name = AFKissXMLRequestOperation.m; path = ../../AFKissXMLRequestOperation/AFKissXMLRequestOperation.m; sourceTree = "<group>"; };
		0266E0911692479D009C6CE8 /* DDXML.h */ = {isa = PBXFileReference; fileEncoding = 4; lastKnownFileType = sourcecode.c.h; name = DDXML.h; path = Classes/External/KissXML/KissXML/DDXML.h; sourceTree = "<group>"; };
		0266E0921692479D009C6CE8 /* DDXMLDocument.h */ = {isa = PBXFileReference; fileEncoding = 4; lastKnownFileType = sourcecode.c.h; name = DDXMLDocument.h; path = Classes/External/KissXML/KissXML/DDXMLDocument.h; sourceTree = "<group>"; };
		0266E0931692479D009C6CE8 /* DDXMLDocument.m */ = {isa = PBXFileReference; fileEncoding = 4; lastKnownFileType = sourcecode.c.objc; name = DDXMLDocument.m; path = Classes/External/KissXML/KissXML/DDXMLDocument.m; sourceTree = "<group>"; };
		0266E0941692479D009C6CE8 /* DDXMLElement.h */ = {isa = PBXFileReference; fileEncoding = 4; lastKnownFileType = sourcecode.c.h; name = DDXMLElement.h; path = Classes/External/KissXML/KissXML/DDXMLElement.h; sourceTree = "<group>"; };
		0266E0951692479E009C6CE8 /* DDXMLElement.m */ = {isa = PBXFileReference; fileEncoding = 4; lastKnownFileType = sourcecode.c.objc; name = DDXMLElement.m; path = Classes/External/KissXML/KissXML/DDXMLElement.m; sourceTree = "<group>"; };
		0266E0961692479E009C6CE8 /* DDXMLNode.h */ = {isa = PBXFileReference; fileEncoding = 4; lastKnownFileType = sourcecode.c.h; name = DDXMLNode.h; path = Classes/External/KissXML/KissXML/DDXMLNode.h; sourceTree = "<group>"; };
		0266E0971692479E009C6CE8 /* DDXMLNode.m */ = {isa = PBXFileReference; fileEncoding = 4; lastKnownFileType = sourcecode.c.objc; name = DDXMLNode.m; path = Classes/External/KissXML/KissXML/DDXMLNode.m; sourceTree = "<group>"; };
		0266E09C1692493C009C6CE8 /* DDXMLPrivate.h */ = {isa = PBXFileReference; fileEncoding = 4; lastKnownFileType = sourcecode.c.h; name = DDXMLPrivate.h; path = Classes/External/KissXML/KissXML/Private/DDXMLPrivate.h; sourceTree = "<group>"; };
		0266E09F1692EA13009C6CE8 /* NSString+DDXML.h */ = {isa = PBXFileReference; fileEncoding = 4; lastKnownFileType = sourcecode.c.h; name = "NSString+DDXML.h"; path = "Classes/External/KissXML/KissXML/Categories/NSString+DDXML.h"; sourceTree = "<group>"; };
		0266E0A01692EA13009C6CE8 /* NSString+DDXML.m */ = {isa = PBXFileReference; fileEncoding = 4; lastKnownFileType = sourcecode.c.objc; name = "NSString+DDXML.m"; path = "Classes/External/KissXML/KissXML/Categories/NSString+DDXML.m"; sourceTree = "<group>"; };
		0266E0A216933ACE009C6CE8 /* SCGame.h */ = {isa = PBXFileReference; fileEncoding = 4; lastKnownFileType = sourcecode.c.h; name = SCGame.h; path = Classes/SCGame.h; sourceTree = "<group>"; };
		0266E0A316933ACE009C6CE8 /* SCGame.m */ = {isa = PBXFileReference; fileEncoding = 4; lastKnownFileType = sourcecode.c.objc; name = SCGame.m; path = Classes/SCGame.m; sourceTree = "<group>"; };
		0269A4A715CC3AEB008A287A /* SCGamesViewController.h */ = {isa = PBXFileReference; fileEncoding = 4; lastKnownFileType = sourcecode.c.h; name = SCGamesViewController.h; path = Classes/SCGamesViewController.h; sourceTree = "<group>"; };
		0269A4A815CC3AEB008A287A /* SCGamesViewController.m */ = {isa = PBXFileReference; fileEncoding = 4; lastKnownFileType = sourcecode.c.objc; name = SCGamesViewController.m; path = Classes/SCGamesViewController.m; sourceTree = "<group>"; };
		026F215A156ADA1F00C7BD54 /* SCClassImageView.h */ = {isa = PBXFileReference; fileEncoding = 4; lastKnownFileType = sourcecode.c.h; name = SCClassImageView.h; path = Classes/SCClassImageView.h; sourceTree = "<group>"; };
		026F215B156ADA1F00C7BD54 /* SCClassImageView.m */ = {isa = PBXFileReference; fileEncoding = 4; lastKnownFileType = sourcecode.c.objc; name = SCClassImageView.m; path = Classes/SCClassImageView.m; sourceTree = "<group>"; };
		0275E20B158E6B5B008EA0AD /* SCItemCell.h */ = {isa = PBXFileReference; fileEncoding = 4; lastKnownFileType = sourcecode.c.h; name = SCItemCell.h; path = Classes/SCItemCell.h; sourceTree = "<group>"; };
		0275E20C158E6B5B008EA0AD /* SCItemCell.m */ = {isa = PBXFileReference; fileEncoding = 4; lastKnownFileType = sourcecode.c.objc; name = SCItemCell.m; path = Classes/SCItemCell.m; sourceTree = "<group>"; };
		02806D73158E263E003A0607 /* item_placeholder.png */ = {isa = PBXFileReference; lastKnownFileType = image.png; name = item_placeholder.png; path = Images/item_placeholder.png; sourceTree = "<group>"; };
		02806D74158E263E003A0607 /* item_placeholder@2x.png */ = {isa = PBXFileReference; lastKnownFileType = image.png; name = "item_placeholder@2x.png"; path = "Images/item_placeholder@2x.png"; sourceTree = "<group>"; };
		028B640615265D680040D2FF /* Suitcase.app */ = {isa = PBXFileReference; explicitFileType = wrapper.application; includeInIndex = 0; path = Suitcase.app; sourceTree = BUILT_PRODUCTS_DIR; };
		028B640A15265D690040D2FF /* UIKit.framework */ = {isa = PBXFileReference; lastKnownFileType = wrapper.framework; name = UIKit.framework; path = System/Library/Frameworks/UIKit.framework; sourceTree = SDKROOT; };
		028B640C15265D690040D2FF /* Foundation.framework */ = {isa = PBXFileReference; lastKnownFileType = wrapper.framework; name = Foundation.framework; path = System/Library/Frameworks/Foundation.framework; sourceTree = SDKROOT; };
		028B640E15265D690040D2FF /* CoreGraphics.framework */ = {isa = PBXFileReference; lastKnownFileType = wrapper.framework; name = CoreGraphics.framework; path = System/Library/Frameworks/CoreGraphics.framework; sourceTree = SDKROOT; };
		028B641215265D690040D2FF /* Suitcase-Info.plist */ = {isa = PBXFileReference; lastKnownFileType = text.plist.xml; path = "Suitcase-Info.plist"; sourceTree = "<group>"; };
		028B641415265D690040D2FF /* en */ = {isa = PBXFileReference; lastKnownFileType = text.plist.strings; name = en; path = en.lproj/InfoPlist.strings; sourceTree = "<group>"; };
		028B641615265D690040D2FF /* main.m */ = {isa = PBXFileReference; lastKnownFileType = sourcecode.c.objc; path = main.m; sourceTree = "<group>"; };
		028B641815265D690040D2FF /* Suitcase-Prefix.pch */ = {isa = PBXFileReference; lastKnownFileType = sourcecode.c.h; path = "Suitcase-Prefix.pch"; sourceTree = "<group>"; };
		028B642D15265D690040D2FF /* SuitcaseTests.octest */ = {isa = PBXFileReference; explicitFileType = wrapper.cfbundle; includeInIndex = 0; path = SuitcaseTests.octest; sourceTree = BUILT_PRODUCTS_DIR; };
		028B642E15265D690040D2FF /* SenTestingKit.framework */ = {isa = PBXFileReference; lastKnownFileType = wrapper.framework; name = SenTestingKit.framework; path = Library/Frameworks/SenTestingKit.framework; sourceTree = DEVELOPER_DIR; };
		028B643615265D690040D2FF /* SuitcaseTests-Info.plist */ = {isa = PBXFileReference; lastKnownFileType = text.plist.xml; path = "SuitcaseTests-Info.plist"; sourceTree = "<group>"; };
		028B643815265D690040D2FF /* en */ = {isa = PBXFileReference; lastKnownFileType = text.plist.strings; name = en; path = en.lproj/InfoPlist.strings; sourceTree = "<group>"; };
		028B643A15265D690040D2FF /* SuitcaseTests.h */ = {isa = PBXFileReference; lastKnownFileType = sourcecode.c.h; path = SuitcaseTests.h; sourceTree = "<group>"; };
		028B643B15265D690040D2FF /* SuitcaseTests.m */ = {isa = PBXFileReference; lastKnownFileType = sourcecode.c.objc; path = SuitcaseTests.m; sourceTree = "<group>"; };
		028B648D1526761C0040D2FF /* SCAppDelegate.h */ = {isa = PBXFileReference; fileEncoding = 4; lastKnownFileType = sourcecode.c.h; name = SCAppDelegate.h; path = Classes/SCAppDelegate.h; sourceTree = "<group>"; };
		028B648E1526761C0040D2FF /* SCAppDelegate.m */ = {isa = PBXFileReference; fileEncoding = 4; lastKnownFileType = sourcecode.c.objc; name = SCAppDelegate.m; path = Classes/SCAppDelegate.m; sourceTree = "<group>"; };
		028B648F1526761C0040D2FF /* SCItemViewController.h */ = {isa = PBXFileReference; fileEncoding = 4; lastKnownFileType = sourcecode.c.h; name = SCItemViewController.h; path = Classes/SCItemViewController.h; sourceTree = "<group>"; };
		028B64901526761C0040D2FF /* SCItemViewController.m */ = {isa = PBXFileReference; fileEncoding = 4; lastKnownFileType = sourcecode.c.objc; name = SCItemViewController.m; path = Classes/SCItemViewController.m; sourceTree = "<group>"; };
		028B64911526761C0040D2FF /* SCInventoryViewController.h */ = {isa = PBXFileReference; fileEncoding = 4; lastKnownFileType = sourcecode.c.h; name = SCInventoryViewController.h; path = Classes/SCInventoryViewController.h; sourceTree = "<group>"; };
		028B64921526761C0040D2FF /* SCInventoryViewController.m */ = {isa = PBXFileReference; fileEncoding = 4; lastKnownFileType = sourcecode.c.objc; name = SCInventoryViewController.m; path = Classes/SCInventoryViewController.m; sourceTree = "<group>"; };
		0295DABE152A44CC00B18882 /* SCSteamIdFormController.h */ = {isa = PBXFileReference; fileEncoding = 4; lastKnownFileType = sourcecode.c.h; name = SCSteamIdFormController.h; path = Classes/SCSteamIdFormController.h; sourceTree = "<group>"; };
		0295DABF152A44CC00B18882 /* SCSteamIdFormController.m */ = {isa = PBXFileReference; fileEncoding = 4; lastKnownFileType = sourcecode.c.objc; name = SCSteamIdFormController.m; path = Classes/SCSteamIdFormController.m; sourceTree = "<group>"; };
		029B08F3159261A600BD6271 /* Settings.bundle */ = {isa = PBXFileReference; lastKnownFileType = "wrapper.plug-in"; path = Settings.bundle; sourceTree = "<group>"; };
		02A8FE7E15922D3700D3300D /* SCImageCache.h */ = {isa = PBXFileReference; fileEncoding = 4; lastKnownFileType = sourcecode.c.h; name = SCImageCache.h; path = Classes/SCImageCache.h; sourceTree = "<group>"; };
		02A8FE7F15922D3700D3300D /* SCImageCache.m */ = {isa = PBXFileReference; fileEncoding = 4; lastKnownFileType = sourcecode.c.objc; name = SCImageCache.m; path = Classes/SCImageCache.m; sourceTree = "<group>"; };
		02C516C31657A4170092ED5A /* TTTAttributedLabel.h */ = {isa = PBXFileReference; fileEncoding = 4; lastKnownFileType = sourcecode.c.h; name = TTTAttributedLabel.h; path = Classes/External/TTTAttributedLabel/TTTAttributedLabel/TTTAttributedLabel.h; sourceTree = "<group>"; };
		02C516C41657A4170092ED5A /* TTTAttributedLabel.m */ = {isa = PBXFileReference; fileEncoding = 4; lastKnownFileType = sourcecode.c.objc; name = TTTAttributedLabel.m; path = Classes/External/TTTAttributedLabel/TTTAttributedLabel/TTTAttributedLabel.m; sourceTree = "<group>"; };
		02CCB0B9158E7C6F0080BF45 /* SCInventory.h */ = {isa = PBXFileReference; fileEncoding = 4; lastKnownFileType = sourcecode.c.h; path = SCInventory.h; sourceTree = "<group>"; };
		02CCB0BA158E7C6F0080BF45 /* SCInventory.m */ = {isa = PBXFileReference; fileEncoding = 4; lastKnownFileType = sourcecode.c.objc; path = SCInventory.m; sourceTree = "<group>"; };
		02CFAACD157818730086E34B /* Icon.png */ = {isa = PBXFileReference; lastKnownFileType = image.png; name = Icon.png; path = ../Icon.png; sourceTree = "<group>"; };
		02CFAACF157818760086E34B /* Icon@2x.png */ = {isa = PBXFileReference; lastKnownFileType = image.png; name = "Icon@2x.png"; path = "../Icon@2x.png"; sourceTree = "<group>"; };
		02CFAAD1157818820086E34B /* Icon-72.png */ = {isa = PBXFileReference; lastKnownFileType = image.png; name = "Icon-72.png"; path = "../Icon-72.png"; sourceTree = "<group>"; };
		02D2E125157FCEA300DFBF7B /* Icon-72@2x.png */ = {isa = PBXFileReference; lastKnownFileType = image.png; name = "Icon-72@2x.png"; path = "../Icon-72@2x.png"; sourceTree = "<group>"; };
		02DDB4851582A9E0004DB9D8 /* QuartzCore.framework */ = {isa = PBXFileReference; lastKnownFileType = wrapper.framework; name = QuartzCore.framework; path = System/Library/Frameworks/QuartzCore.framework; sourceTree = SDKROOT; };
		02E7218215938BDE00A18BF1 /* Default.png */ = {isa = PBXFileReference; lastKnownFileType = image.png; name = Default.png; path = ../Default.png; sourceTree = "<group>"; };
		02E7218415938BE400A18BF1 /* Default@2x.png */ = {isa = PBXFileReference; lastKnownFileType = image.png; name = "Default@2x.png"; path = "../Default@2x.png"; sourceTree = "<group>"; };
		02E7218615938BED00A18BF1 /* Default-Landscape~ipad.png */ = {isa = PBXFileReference; lastKnownFileType = image.png; name = "Default-Landscape~ipad.png"; path = "../Default-Landscape~ipad.png"; sourceTree = "<group>"; };
		02E7218815938BF000A18BF1 /* Default-Landscape@2x~ipad.png */ = {isa = PBXFileReference; lastKnownFileType = image.png; name = "Default-Landscape@2x~ipad.png"; path = "../Default-Landscape@2x~ipad.png"; sourceTree = "<group>"; };
		02F37EC31580152300BFB1B5 /* CoreText.framework */ = {isa = PBXFileReference; lastKnownFileType = wrapper.framework; name = CoreText.framework; path = System/Library/Frameworks/CoreText.framework; sourceTree = SDKROOT; };
/* End PBXFileReference section */

/* Begin PBXFrameworksBuildPhase section */
		028B640315265D680040D2FF /* Frameworks */ = {
			isa = PBXFrameworksBuildPhase;
			buildActionMask = 2147483647;
			files = (
				0209E14F157954C20073385D /* CFNetwork.framework in Frameworks */,
				028B640F15265D690040D2FF /* CoreGraphics.framework in Frameworks */,
				02F37EC41580152300BFB1B5 /* CoreText.framework in Frameworks */,
				028B640D15265D690040D2FF /* Foundation.framework in Frameworks */,
				020EB43015852C2800654D2A /* MessageUI.framework in Frameworks */,
				0209E153157954D00073385D /* MobileCoreServices.framework in Frameworks */,
				02DDB4861582A9E0004DB9D8 /* QuartzCore.framework in Frameworks */,
				0209E151157954C70073385D /* SystemConfiguration.framework in Frameworks */,
				028B640B15265D690040D2FF /* UIKit.framework in Frameworks */,
				0209E155157954DF0073385D /* libz.dylib in Frameworks */,
			);
			runOnlyForDeploymentPostprocessing = 0;
		};
		028B642915265D690040D2FF /* Frameworks */ = {
			isa = PBXFrameworksBuildPhase;
			buildActionMask = 2147483647;
			files = (
				028B642F15265D690040D2FF /* SenTestingKit.framework in Frameworks */,
				028B643015265D690040D2FF /* UIKit.framework in Frameworks */,
				028B643115265D690040D2FF /* Foundation.framework in Frameworks */,
			);
			runOnlyForDeploymentPostprocessing = 0;
		};
/* End PBXFrameworksBuildPhase section */

/* Begin PBXGroup section */
		0209E124157950FE0073385D /* ASIHTTPRequest */ = {
			isa = PBXGroup;
			children = (
				0209E126157951300073385D /* ASIAuthenticationDialog.h */,
				0209E127157951300073385D /* ASIAuthenticationDialog.m */,
				0209E128157951300073385D /* ASICacheDelegate.h */,
				0209E129157951300073385D /* ASIDataCompressor.h */,
				0209E12A157951300073385D /* ASIDataCompressor.m */,
				0209E12B157951300073385D /* ASIDataDecompressor.h */,
				0209E12C157951300073385D /* ASIDataDecompressor.m */,
				0209E12D157951300073385D /* ASIDownloadCache.h */,
				0209E12E157951300073385D /* ASIDownloadCache.m */,
				0209E12F157951300073385D /* ASIFormDataRequest.h */,
				0209E130157951300073385D /* ASIFormDataRequest.m */,
				0209E131157951300073385D /* ASIHTTPRequest.h */,
				0209E132157951300073385D /* ASIHTTPRequest.m */,
				0209E133157951300073385D /* ASIHTTPRequestConfig.h */,
				0209E134157951300073385D /* ASIHTTPRequestDelegate.h */,
				0209E135157951300073385D /* ASIInputStream.h */,
				0209E136157951300073385D /* ASIInputStream.m */,
				0209E137157951300073385D /* ASINetworkQueue.h */,
				0209E138157951300073385D /* ASINetworkQueue.m */,
				0209E139157951300073385D /* ASIProgressDelegate.h */,
				0209E14A157954270073385D /* Reachability.h */,
				0209E14B157954270073385D /* Reachability.m */,
			);
			name = ASIHTTPRequest;
			sourceTree = "<group>";
		};
		020EB3EE1585299B00654D2A /* InAppSettingsKit */ = {
			isa = PBXGroup;
			children = (
				020EB3EF1585299B00654D2A /* Controllers */,
				020EB3F71585299B00654D2A /* Models */,
				020EB4021585299B00654D2A /* Views */,
			);
			name = InAppSettingsKit;
			path = Classes/External/InAppSettingsKit/InAppSettingsKit;
			sourceTree = "<group>";
		};
		020EB3EF1585299B00654D2A /* Controllers */ = {
			isa = PBXGroup;
			children = (
				020EB3F01585299B00654D2A /* IASKAppSettingsViewController.h */,
				020EB3F11585299B00654D2A /* IASKAppSettingsViewController.m */,
				020EB3F21585299B00654D2A /* IASKAppSettingsWebViewController.h */,
				020EB3F31585299B00654D2A /* IASKAppSettingsWebViewController.m */,
				020EB3F41585299B00654D2A /* IASKSpecifierValuesViewController.h */,
				020EB3F51585299B00654D2A /* IASKSpecifierValuesViewController.m */,
				020EB3F61585299B00654D2A /* IASKViewController.h */,
			);
			path = Controllers;
			sourceTree = "<group>";
		};
		020EB3F71585299B00654D2A /* Models */ = {
			isa = PBXGroup;
			children = (
				020EB3F81585299B00654D2A /* IASKSettingsReader.h */,
				020EB3F91585299B00654D2A /* IASKSettingsReader.m */,
				020EB3FA1585299B00654D2A /* IASKSettingsStore.h */,
				020EB3FB1585299B00654D2A /* IASKSettingsStore.m */,
				020EB3FC1585299B00654D2A /* IASKSettingsStoreFile.h */,
				020EB3FD1585299B00654D2A /* IASKSettingsStoreFile.m */,
				020EB3FE1585299B00654D2A /* IASKSettingsStoreUserDefaults.h */,
				020EB3FF1585299B00654D2A /* IASKSettingsStoreUserDefaults.m */,
				020EB4001585299B00654D2A /* IASKSpecifier.h */,
				020EB4011585299B00654D2A /* IASKSpecifier.m */,
			);
			path = Models;
			sourceTree = "<group>";
		};
		020EB4021585299B00654D2A /* Views */ = {
			isa = PBXGroup;
			children = (
				020EB4031585299B00654D2A /* IASKPSSliderSpecifierViewCell.h */,
				020EB4041585299B00654D2A /* IASKPSSliderSpecifierViewCell.m */,
				020EB4051585299B00654D2A /* IASKPSTextFieldSpecifierViewCell.h */,
				020EB4061585299B00654D2A /* IASKPSTextFieldSpecifierViewCell.m */,
				020EB4071585299B00654D2A /* IASKPSTitleValueSpecifierViewCell.h */,
				020EB4081585299B00654D2A /* IASKPSTitleValueSpecifierViewCell.m */,
				020EB40B1585299B00654D2A /* IASKSlider.h */,
				020EB40C1585299B00654D2A /* IASKSlider.m */,
				020EB40D1585299B00654D2A /* IASKSwitch.h */,
				020EB40E1585299B00654D2A /* IASKSwitch.m */,
				020EB40F1585299B00654D2A /* IASKTextField.h */,
				020EB4101585299B00654D2A /* IASKTextField.m */,
			);
			path = Views;
			sourceTree = "<group>";
		};
		0266E053169243A0009C6CE8 /* AFNetworking */ = {
			isa = PBXGroup;
			children = (
				0266E054169243A0009C6CE8 /* AFHTTPClient.h */,
				0266E055169243A0009C6CE8 /* AFHTTPClient.m */,
				0266E056169243A0009C6CE8 /* AFHTTPRequestOperation.h */,
				0266E057169243A0009C6CE8 /* AFHTTPRequestOperation.m */,
				0266E058169243A0009C6CE8 /* AFImageRequestOperation.h */,
				0266E059169243A0009C6CE8 /* AFImageRequestOperation.m */,
				0266E05A169243A0009C6CE8 /* AFJSONRequestOperation.h */,
				0266E05B169243A0009C6CE8 /* AFJSONRequestOperation.m */,
				0266E08D169246A4009C6CE8 /* AFKissXMLRequestOperation.h */,
				0266E08E169246A4009C6CE8 /* AFKissXMLRequestOperation.m */,
				0266E05C169243A0009C6CE8 /* AFNetworkActivityIndicatorManager.h */,
				0266E05D169243A0009C6CE8 /* AFNetworkActivityIndicatorManager.m */,
				0266E05E169243A0009C6CE8 /* AFNetworking.h */,
				0266E05F169243A0009C6CE8 /* AFPropertyListRequestOperation.h */,
				0266E060169243A0009C6CE8 /* AFPropertyListRequestOperation.m */,
				0266E061169243A0009C6CE8 /* AFURLConnectionOperation.h */,
				0266E062169243A0009C6CE8 /* AFURLConnectionOperation.m */,
				0266E063169243A0009C6CE8 /* AFXMLRequestOperation.h */,
				0266E064169243A0009C6CE8 /* AFXMLRequestOperation.m */,
				0266E065169243A0009C6CE8 /* UIImageView+AFNetworking.h */,
				0266E066169243A0009C6CE8 /* UIImageView+AFNetworking.m */,
			);
			name = AFNetworking;
			path = Classes/External/AFNetworking/AFNetworking;
			sourceTree = "<group>";
		};
		0266E09B169247A4009C6CE8 /* KissXML */ = {
			isa = PBXGroup;
			children = (
				0266E0911692479D009C6CE8 /* DDXML.h */,
				0266E0921692479D009C6CE8 /* DDXMLDocument.h */,
				0266E0931692479D009C6CE8 /* DDXMLDocument.m */,
				0266E0941692479D009C6CE8 /* DDXMLElement.h */,
				0266E0951692479E009C6CE8 /* DDXMLElement.m */,
				0266E0961692479E009C6CE8 /* DDXMLNode.h */,
				0266E0971692479E009C6CE8 /* DDXMLNode.m */,
				0266E09C1692493C009C6CE8 /* DDXMLPrivate.h */,
				0266E09F1692EA13009C6CE8 /* NSString+DDXML.h */,
				0266E0A01692EA13009C6CE8 /* NSString+DDXML.m */,
			);
			name = KissXML;
			sourceTree = "<group>";
		};
		028B63FB15265D680040D2FF = {
			isa = PBXGroup;
			children = (
				028B641015265D690040D2FF /* Suitcase */,
				028B643415265D690040D2FF /* SuitcaseTests */,
				028B640915265D690040D2FF /* Frameworks */,
				028B640715265D690040D2FF /* Products */,
			);
			sourceTree = "<group>";
		};
		028B640715265D690040D2FF /* Products */ = {
			isa = PBXGroup;
			children = (
				028B640615265D680040D2FF /* Suitcase.app */,
				028B642D15265D690040D2FF /* SuitcaseTests.octest */,
			);
			name = Products;
			sourceTree = "<group>";
		};
		028B640915265D690040D2FF /* Frameworks */ = {
			isa = PBXGroup;
			children = (
				0209E14E157954C20073385D /* CFNetwork.framework */,
				028B640E15265D690040D2FF /* CoreGraphics.framework */,
				02F37EC31580152300BFB1B5 /* CoreText.framework */,
				028B640C15265D690040D2FF /* Foundation.framework */,
				020EB42F15852C2800654D2A /* MessageUI.framework */,
				0209E152157954D00073385D /* MobileCoreServices.framework */,
				02DDB4851582A9E0004DB9D8 /* QuartzCore.framework */,
				028B642E15265D690040D2FF /* SenTestingKit.framework */,
				0209E150157954C70073385D /* SystemConfiguration.framework */,
				028B640A15265D690040D2FF /* UIKit.framework */,
				0209E154157954DF0073385D /* libz.dylib */,
			);
			name = Frameworks;
			sourceTree = "<group>";
		};
		028B641015265D690040D2FF /* Suitcase */ = {
			isa = PBXGroup;
			children = (
				0266E053169243A0009C6CE8 /* AFNetworking */,
				020EB3EE1585299B00654D2A /* InAppSettingsKit */,
				0266E09B169247A4009C6CE8 /* KissXML */,
				0209E124157950FE0073385D /* ASIHTTPRequest */,
				02F37EC2158014F200BFB1B5 /* TTTAttributedLabel */,
				02DDB47B1582918B004DB9D8 /* Resources */,
				028B648D1526761C0040D2FF /* SCAppDelegate.h */,
				028B648E1526761C0040D2FF /* SCAppDelegate.m */,
				026F215A156ADA1F00C7BD54 /* SCClassImageView.h */,
				026F215B156ADA1F00C7BD54 /* SCClassImageView.m */,
				0266E0A216933ACE009C6CE8 /* SCGame.h */,
				0266E0A316933ACE009C6CE8 /* SCGame.m */,
				0220FFC615D7A84700AB8AA3 /* SCGameCell.h */,
				0220FFC715D7A84700AB8AA3 /* SCGameCell.m */,
				0269A4A715CC3AEB008A287A /* SCGamesViewController.h */,
				0269A4A815CC3AEB008A287A /* SCGamesViewController.m */,
				02A8FE7E15922D3700D3300D /* SCImageCache.h */,
				02A8FE7F15922D3700D3300D /* SCImageCache.m */,
				02CCB0B9158E7C6F0080BF45 /* SCInventory.h */,
				02CCB0BA158E7C6F0080BF45 /* SCInventory.m */,
				028B648F1526761C0040D2FF /* SCItemViewController.h */,
				028B64901526761C0040D2FF /* SCItemViewController.m */,
				0255A146155D9BE20092741E /* SCItem.h */,
				0255A147155D9BE20092741E /* SCItem.m */,
				0275E20B158E6B5B008EA0AD /* SCItemCell.h */,
				0275E20C158E6B5B008EA0AD /* SCItemCell.m */,
				02010B271696E22A00007456 /* SCItemImageView.h */,
				02010B281696E22A00007456 /* SCItemImageView.m */,
				028B64911526761C0040D2FF /* SCInventoryViewController.h */,
				028B64921526761C0040D2FF /* SCInventoryViewController.m */,
				02010B2D169842FA00007456 /* SCNavigationControllerDelegate.h */,
				02010B2E169842FA00007456 /* SCNavigationControllerDelegate.m */,
				0255A14A155D9BF80092741E /* SCSchema.h */,
				0255A14B155D9BF80092741E /* SCSchema.m */,
				020958C3169386AF00A44851 /* SCSettingsViewController.h */,
				020958C4169386B000A44851 /* SCSettingsViewController.m */,
				0295DABE152A44CC00B18882 /* SCSteamIdFormController.h */,
				0295DABF152A44CC00B18882 /* SCSteamIdFormController.m */,
				0250CBD91693C8D100B20A6F /* SCWikiViewController.h */,
				0250CBDA1693C8D100B20A6F /* SCWikiViewController.m */,
				0209E15615795E6C0073385D /* UIImageView+ASIHTTPRequest.h */,
				0209E15715795E6D0073385D /* UIImageView+ASIHTTPRequest.m */,
				022D0D0C1584E5770071F665 /* MainStoryboard_iPad.storyboard */,
				022D0D0D1584E5770071F665 /* MainStoryboard_iPhone.storyboard */,
				028B641115265D690040D2FF /* Supporting Files */,
			);
			path = Suitcase;
			sourceTree = "<group>";
		};
		028B641115265D690040D2FF /* Supporting Files */ = {
			isa = PBXGroup;
			children = (
				028B641215265D690040D2FF /* Suitcase-Info.plist */,
				028B641315265D690040D2FF /* InfoPlist.strings */,
				028B641615265D690040D2FF /* main.m */,
				028B641815265D690040D2FF /* Suitcase-Prefix.pch */,
				0266DFE016920437009C6CE8 /* Suitcase.xcconfig */,
			);
			name = "Supporting Files";
			sourceTree = "<group>";
		};
		028B643415265D690040D2FF /* SuitcaseTests */ = {
			isa = PBXGroup;
			children = (
				028B643A15265D690040D2FF /* SuitcaseTests.h */,
				028B643B15265D690040D2FF /* SuitcaseTests.m */,
				028B643515265D690040D2FF /* Supporting Files */,
			);
			path = SuitcaseTests;
			sourceTree = "<group>";
		};
		028B643515265D690040D2FF /* Supporting Files */ = {
			isa = PBXGroup;
			children = (
				028B643615265D690040D2FF /* SuitcaseTests-Info.plist */,
				028B643715265D690040D2FF /* InfoPlist.strings */,
			);
			name = "Supporting Files";
			sourceTree = "<group>";
		};
		02DDB47B1582918B004DB9D8 /* Resources */ = {
			isa = PBXGroup;
			children = (
				02010B1C1696DE0A00007456 /* Default-568h@2x.png */,
				0250CC51169589AD00B20A6F /* back.png */,
				0250CC52169589AD00B20A6F /* back@2x.png */,
				02E7218815938BF000A18BF1 /* Default-Landscape@2x~ipad.png */,
				02E7218615938BED00A18BF1 /* Default-Landscape~ipad.png */,
				02E7218415938BE400A18BF1 /* Default@2x.png */,
				02E7218215938BDE00A18BF1 /* Default.png */,
				0250CC53169589AD00B20A6F /* forward.png */,
				0250CC54169589AD00B20A6F /* forward@2x.png */,
				020958C61693926300A44851 /* game_placeholder.png */,
				020958C71693926300A44851 /* game_placeholder@2x.png */,
				02806D73158E263E003A0607 /* item_placeholder.png */,
				02806D74158E263E003A0607 /* item_placeholder@2x.png */,
				02D2E125157FCEA300DFBF7B /* Icon-72@2x.png */,
				02CFAAD1157818820086E34B /* Icon-72.png */,
				02CFAACF157818760086E34B /* Icon@2x.png */,
				02CFAACD157818730086E34B /* Icon.png */,
				022D0CD41583C4070071F665 /* item_set.png */,
				022D0CD51583C4070071F665 /* item_set@2x.png */,
				022D0CF0158494960071F665 /* item_set-iphone.png */,
				022D0CF1158494960071F665 /* item_set-iphone@2x.png */,
				022D0CD61583C4070071F665 /* kill_eater.png */,
				022D0CD71583C4070071F665 /* kill_eater@2x.png */,
				022D0CF2158494960071F665 /* kill_eater-iphone.png */,
				022D0CF3158494960071F665 /* kill_eater-iphone@2x.png */,
				022D0CD81583C4070071F665 /* origin.png */,
				022D0CD91583C4070071F665 /* origin@2x.png */,
				022D0CEC158491BB0071F665 /* origin-iphone.png */,
				022D0CED158491BB0071F665 /* origin-iphone@2x.png */,
				022D0CDA1583C4070071F665 /* quality.png */,
				022D0CDB1583C4070071F665 /* quality@2x.png */,
				022D0CF4158494960071F665 /* quality-iphone.png */,
				022D0CF5158494960071F665 /* quality-iphone@2x.png */,
				022D0CDC1583C4070071F665 /* settings.png */,
				022D0CDD1583C4070071F665 /* settings@2x.png */,
				022D0CDE1583C4070071F665 /* user.png */,
				022D0CDF1583C4070071F665 /* user@2x.png */,
				022D0CCD158349B80071F665 /* Localizable.strings */,
				020EB42D15852A2A00654D2A /* InAppSettings.bundle */,
				029B08F3159261A600BD6271 /* Settings.bundle */,
			);
			name = Resources;
			sourceTree = "<group>";
		};
		02F37EC2158014F200BFB1B5 /* TTTAttributedLabel */ = {
			isa = PBXGroup;
			children = (
				02C516C31657A4170092ED5A /* TTTAttributedLabel.h */,
				02C516C41657A4170092ED5A /* TTTAttributedLabel.m */,
			);
			name = TTTAttributedLabel;
			sourceTree = "<group>";
		};
/* End PBXGroup section */

/* Begin PBXNativeTarget section */
		028B640515265D680040D2FF /* Suitcase */ = {
			isa = PBXNativeTarget;
			buildConfigurationList = 028B643F15265D690040D2FF /* Build configuration list for PBXNativeTarget "Suitcase" */;
			buildPhases = (
				028B640215265D680040D2FF /* Sources */,
				028B640315265D680040D2FF /* Frameworks */,
				0252CC4F15C055AE0040C949 /* ShellScript */,
				028B640415265D680040D2FF /* Resources */,
				029B08F5159262FF00BD6271 /* ShellScript */,
			);
			buildRules = (
			);
			dependencies = (
			);
			name = Suitcase;
			productName = Suitcase;
			productReference = 028B640615265D680040D2FF /* Suitcase.app */;
			productType = "com.apple.product-type.application";
		};
		028B642C15265D690040D2FF /* SuitcaseTests */ = {
			isa = PBXNativeTarget;
			buildConfigurationList = 028B644215265D690040D2FF /* Build configuration list for PBXNativeTarget "SuitcaseTests" */;
			buildPhases = (
				028B642815265D690040D2FF /* Sources */,
				028B642915265D690040D2FF /* Frameworks */,
				028B642A15265D690040D2FF /* Resources */,
				028B642B15265D690040D2FF /* ShellScript */,
			);
			buildRules = (
			);
			dependencies = (
				028B643315265D690040D2FF /* PBXTargetDependency */,
			);
			name = SuitcaseTests;
			productName = SuitcaseTests;
			productReference = 028B642D15265D690040D2FF /* SuitcaseTests.octest */;
			productType = "com.apple.product-type.bundle";
		};
/* End PBXNativeTarget section */

/* Begin PBXProject section */
		028B63FD15265D680040D2FF /* Project object */ = {
			isa = PBXProject;
			attributes = {
				CLASSPREFIX = SC;
				LastUpgradeCheck = 0430;
			};
			buildConfigurationList = 028B640015265D680040D2FF /* Build configuration list for PBXProject "Suitcase" */;
			compatibilityVersion = "Xcode 3.2";
			developmentRegion = English;
			hasScannedForEncodings = 0;
			knownRegions = (
				en,
				de,
			);
			mainGroup = 028B63FB15265D680040D2FF;
			productRefGroup = 028B640715265D690040D2FF /* Products */;
			projectDirPath = "";
			projectRoot = "";
			targets = (
				028B640515265D680040D2FF /* Suitcase */,
				028B642C15265D690040D2FF /* SuitcaseTests */,
			);
		};
/* End PBXProject section */

/* Begin PBXResourcesBuildPhase section */
		028B640415265D680040D2FF /* Resources */ = {
			isa = PBXResourcesBuildPhase;
			buildActionMask = 2147483647;
			files = (
				028B641515265D690040D2FF /* InfoPlist.strings in Resources */,
				02CFAACE157818730086E34B /* Icon.png in Resources */,
				02CFAAD0157818760086E34B /* Icon@2x.png in Resources */,
				02CFAAD2157818820086E34B /* Icon-72.png in Resources */,
				02D2E126157FCEA300DFBF7B /* Icon-72@2x.png in Resources */,
				022D0CCF158349B80071F665 /* Localizable.strings in Resources */,
				022D0CE01583C4070071F665 /* item_set.png in Resources */,
				022D0CE11583C4070071F665 /* item_set@2x.png in Resources */,
				022D0CE21583C4070071F665 /* kill_eater.png in Resources */,
				022D0CE31583C4070071F665 /* kill_eater@2x.png in Resources */,
				022D0CE41583C4070071F665 /* origin.png in Resources */,
				022D0CE51583C4070071F665 /* origin@2x.png in Resources */,
				022D0CE61583C4070071F665 /* quality.png in Resources */,
				022D0CE71583C4070071F665 /* quality@2x.png in Resources */,
				022D0CE81583C4070071F665 /* settings.png in Resources */,
				022D0CE91583C4070071F665 /* settings@2x.png in Resources */,
				022D0CEA1583C4070071F665 /* user.png in Resources */,
				022D0CEB1583C4070071F665 /* user@2x.png in Resources */,
				022D0CEE158491BB0071F665 /* origin-iphone.png in Resources */,
				022D0CEF158491BB0071F665 /* origin-iphone@2x.png in Resources */,
				022D0CF6158494960071F665 /* item_set-iphone.png in Resources */,
				022D0CF7158494960071F665 /* item_set-iphone@2x.png in Resources */,
				022D0CF8158494960071F665 /* kill_eater-iphone.png in Resources */,
				022D0CF9158494960071F665 /* kill_eater-iphone@2x.png in Resources */,
				022D0CFA158494960071F665 /* quality-iphone.png in Resources */,
				022D0CFB158494960071F665 /* quality-iphone@2x.png in Resources */,
				022D0D0E1584E5770071F665 /* MainStoryboard_iPad.storyboard in Resources */,
				022D0D0F1584E5770071F665 /* MainStoryboard_iPhone.storyboard in Resources */,
				020EB42E15852A2A00654D2A /* InAppSettings.bundle in Resources */,
				02806D75158E263E003A0607 /* item_placeholder.png in Resources */,
				02806D76158E263E003A0607 /* item_placeholder@2x.png in Resources */,
				029B08F4159261A600BD6271 /* Settings.bundle in Resources */,
				02E7218715938BED00A18BF1 /* Default-Landscape~ipad.png in Resources */,
				02E7218915938BF000A18BF1 /* Default-Landscape@2x~ipad.png in Resources */,
				020958C81693926300A44851 /* game_placeholder.png in Resources */,
				020958C91693926300A44851 /* game_placeholder@2x.png in Resources */,
				0250CC55169589AD00B20A6F /* back.png in Resources */,
				0250CC56169589AD00B20A6F /* back@2x.png in Resources */,
				0250CC57169589AD00B20A6F /* forward.png in Resources */,
				0250CC58169589AD00B20A6F /* forward@2x.png in Resources */,
				0250CC5E1696D6E900B20A6F /* Default.png in Resources */,
				0250CC5F1696D6EC00B20A6F /* Default@2x.png in Resources */,
				02010B1D1696DE0A00007456 /* Default-568h@2x.png in Resources */,
			);
			runOnlyForDeploymentPostprocessing = 0;
		};
		028B642A15265D690040D2FF /* Resources */ = {
			isa = PBXResourcesBuildPhase;
			buildActionMask = 2147483647;
			files = (
				028B643915265D690040D2FF /* InfoPlist.strings in Resources */,
			);
			runOnlyForDeploymentPostprocessing = 0;
		};
/* End PBXResourcesBuildPhase section */

/* Begin PBXShellScriptBuildPhase section */
		0252CC4F15C055AE0040C949 /* ShellScript */ = {
			isa = PBXShellScriptBuildPhase;
			buildActionMask = 2147483647;
			files = (
			);
			inputPaths = (
			);
			outputPaths = (
			);
			runOnlyForDeploymentPostprocessing = 0;
			shellPath = /bin/sh;
			shellScript = "gitSha=$(git log -1 --pretty=format:%h)\n/usr/libexec/PlistBuddy -c \"Delete CFBundleVersion\" Suitcase/Suitcase-Info.plist\n/usr/libexec/PlistBuddy -c \"Add CFBundleVersion string $gitSha\" Suitcase/Suitcase-Info.plist";
		};
		028B642B15265D690040D2FF /* ShellScript */ = {
			isa = PBXShellScriptBuildPhase;
			buildActionMask = 2147483647;
			files = (
			);
			inputPaths = (
			);
			outputPaths = (
			);
			runOnlyForDeploymentPostprocessing = 0;
			shellPath = /bin/sh;
			shellScript = "# Run the unit tests in this test bundle.\n\"${SYSTEM_DEVELOPER_DIR}/Tools/RunUnitTests\"\n";
		};
		029B08F5159262FF00BD6271 /* ShellScript */ = {
			isa = PBXShellScriptBuildPhase;
			buildActionMask = 2147483647;
			files = (
			);
			inputPaths = (
			);
			outputPaths = (
			);
			runOnlyForDeploymentPostprocessing = 0;
			shellPath = /bin/sh;
			shellScript = "bundleVersion=$(/usr/libexec/PlistBuddy -c \"Print CFBundleShortVersionString\" Suitcase/Suitcase-Info.plist)\n/usr/libexec/PlistBuddy -c \"Set :PreferenceSpecifiers:5:DefaultValue $bundleVersion\" Suitcase/Settings.bundle/Root.plist";
		};
/* End PBXShellScriptBuildPhase section */

/* Begin PBXSourcesBuildPhase section */
		028B640215265D680040D2FF /* Sources */ = {
			isa = PBXSourcesBuildPhase;
			buildActionMask = 2147483647;
			files = (
				028B641715265D690040D2FF /* main.m in Sources */,
				028B64931526761C0040D2FF /* SCAppDelegate.m in Sources */,
				028B64951526761C0040D2FF /* SCItemViewController.m in Sources */,
				028B64971526761C0040D2FF /* SCInventoryViewController.m in Sources */,
				0295DAC0152A44CC00B18882 /* SCSteamIdFormController.m in Sources */,
				0255A148155D9BE20092741E /* SCItem.m in Sources */,
				0255A14C155D9BF80092741E /* SCSchema.m in Sources */,
				026F215C156ADA1F00C7BD54 /* SCClassImageView.m in Sources */,
				0209E13A157951300073385D /* ASIAuthenticationDialog.m in Sources */,
				0209E13C157951300073385D /* ASIDataCompressor.m in Sources */,
				0209E13E157951300073385D /* ASIDataDecompressor.m in Sources */,
				0209E140157951300073385D /* ASIDownloadCache.m in Sources */,
				0209E142157951300073385D /* ASIFormDataRequest.m in Sources */,
				0209E144157951300073385D /* ASIHTTPRequest.m in Sources */,
				0209E146157951300073385D /* ASIInputStream.m in Sources */,
				0209E148157951300073385D /* ASINetworkQueue.m in Sources */,
				0209E14C157954270073385D /* Reachability.m in Sources */,
				0209E15815795E6D0073385D /* UIImageView+ASIHTTPRequest.m in Sources */,
				020EB4181585299B00654D2A /* IASKAppSettingsViewController.m in Sources */,
				020EB4191585299B00654D2A /* IASKAppSettingsWebViewController.m in Sources */,
				020EB41A1585299B00654D2A /* IASKSpecifierValuesViewController.m in Sources */,
				020EB41B1585299B00654D2A /* IASKSettingsReader.m in Sources */,
				020EB41C1585299B00654D2A /* IASKSettingsStore.m in Sources */,
				020EB41D1585299B00654D2A /* IASKSettingsStoreFile.m in Sources */,
				020EB41E1585299B00654D2A /* IASKSettingsStoreUserDefaults.m in Sources */,
				020EB41F1585299B00654D2A /* IASKSpecifier.m in Sources */,
				020EB4201585299B00654D2A /* IASKPSSliderSpecifierViewCell.m in Sources */,
				020EB4211585299B00654D2A /* IASKPSTextFieldSpecifierViewCell.m in Sources */,
				020EB4221585299B00654D2A /* IASKPSTitleValueSpecifierViewCell.m in Sources */,
				020EB4241585299B00654D2A /* IASKSlider.m in Sources */,
				020EB4251585299B00654D2A /* IASKSwitch.m in Sources */,
				020EB4261585299B00654D2A /* IASKTextField.m in Sources */,
				0275E20D158E6B5B008EA0AD /* SCItemCell.m in Sources */,
				02CCB0BB158E7C6F0080BF45 /* SCInventory.m in Sources */,
				02A8FE8015922D3700D3300D /* SCImageCache.m in Sources */,
				0269A4A915CC3AEB008A287A /* SCGamesViewController.m in Sources */,
				0220FFC815D7A84700AB8AA3 /* SCGameCell.m in Sources */,
				02C516C51657A4170092ED5A /* TTTAttributedLabel.m in Sources */,
				0266E067169243A0009C6CE8 /* AFHTTPClient.m in Sources */,
				0266E068169243A0009C6CE8 /* AFHTTPRequestOperation.m in Sources */,
				0266E069169243A0009C6CE8 /* AFImageRequestOperation.m in Sources */,
				0266E06A169243A0009C6CE8 /* AFJSONRequestOperation.m in Sources */,
				0266E06B169243A0009C6CE8 /* AFNetworkActivityIndicatorManager.m in Sources */,
				0266E06C169243A0009C6CE8 /* AFPropertyListRequestOperation.m in Sources */,
				0266E06D169243A0009C6CE8 /* AFURLConnectionOperation.m in Sources */,
				0266E06E169243A0009C6CE8 /* AFXMLRequestOperation.m in Sources */,
				0266E06F169243A0009C6CE8 /* UIImageView+AFNetworking.m in Sources */,
				0266E08F169246A4009C6CE8 /* AFKissXMLRequestOperation.m in Sources */,
				0266E0981692479E009C6CE8 /* DDXMLDocument.m in Sources */,
				0266E0991692479E009C6CE8 /* DDXMLElement.m in Sources */,
				0266E09A1692479E009C6CE8 /* DDXMLNode.m in Sources */,
				0266E0A11692EA14009C6CE8 /* NSString+DDXML.m in Sources */,
				0266E0A416933ACF009C6CE8 /* SCGame.m in Sources */,
				020958C5169386B000A44851 /* SCSettingsViewController.m in Sources */,
				0250CBDB1693C8D100B20A6F /* SCWikiViewController.m in Sources */,
				02010B291696E22B00007456 /* SCItemImageView.m in Sources */,
				02010B2F169842FB00007456 /* SCNavigationControllerDelegate.m in Sources */,
			);
			runOnlyForDeploymentPostprocessing = 0;
		};
		028B642815265D690040D2FF /* Sources */ = {
			isa = PBXSourcesBuildPhase;
			buildActionMask = 2147483647;
			files = (
				028B643C15265D690040D2FF /* SuitcaseTests.m in Sources */,
				028B64941526761C0040D2FF /* SCAppDelegate.m in Sources */,
				028B64961526761C0040D2FF /* SCItemViewController.m in Sources */,
				028B64981526761C0040D2FF /* SCInventoryViewController.m in Sources */,
				0209E13B157951300073385D /* ASIAuthenticationDialog.m in Sources */,
				0209E13D157951300073385D /* ASIDataCompressor.m in Sources */,
				0209E13F157951300073385D /* ASIDataDecompressor.m in Sources */,
				0209E141157951300073385D /* ASIDownloadCache.m in Sources */,
				0209E143157951300073385D /* ASIFormDataRequest.m in Sources */,
				0209E145157951300073385D /* ASIHTTPRequest.m in Sources */,
				0209E147157951300073385D /* ASIInputStream.m in Sources */,
				0209E149157951300073385D /* ASINetworkQueue.m in Sources */,
				0209E14D157954270073385D /* Reachability.m in Sources */,
				0209E15915795E6D0073385D /* UIImageView+ASIHTTPRequest.m in Sources */,
			);
			runOnlyForDeploymentPostprocessing = 0;
		};
/* End PBXSourcesBuildPhase section */

/* Begin PBXTargetDependency section */
		028B643315265D690040D2FF /* PBXTargetDependency */ = {
			isa = PBXTargetDependency;
			target = 028B640515265D680040D2FF /* Suitcase */;
			targetProxy = 028B643215265D690040D2FF /* PBXContainerItemProxy */;
		};
/* End PBXTargetDependency section */

/* Begin PBXVariantGroup section */
		022D0CCD158349B80071F665 /* Localizable.strings */ = {
			isa = PBXVariantGroup;
			children = (
				022D0CCE158349B80071F665 /* de */,
				022D0D101584E7870071F665 /* en */,
			);
			name = Localizable.strings;
			sourceTree = "<group>";
		};
		028B641315265D690040D2FF /* InfoPlist.strings */ = {
			isa = PBXVariantGroup;
			children = (
				028B641415265D690040D2FF /* en */,
			);
			name = InfoPlist.strings;
			sourceTree = "<group>";
		};
		028B643715265D690040D2FF /* InfoPlist.strings */ = {
			isa = PBXVariantGroup;
			children = (
				028B643815265D690040D2FF /* en */,
			);
			name = InfoPlist.strings;
			sourceTree = "<group>";
		};
/* End PBXVariantGroup section */

/* Begin XCBuildConfiguration section */
		028B643D15265D690040D2FF /* Debug */ = {
			isa = XCBuildConfiguration;
			buildSettings = {
				ALWAYS_SEARCH_USER_PATHS = NO;
				ARCHS = "$(ARCHS_STANDARD_32_BIT)";
				CLANG_ENABLE_OBJC_ARC = YES;
				"CODE_SIGN_IDENTITY[sdk=iphoneos*]" = "iPhone Developer";
				COPY_PHASE_STRIP = NO;
				GCC_C_LANGUAGE_STANDARD = gnu99;
				GCC_DYNAMIC_NO_PIC = NO;
				GCC_OPTIMIZATION_LEVEL = 0;
				GCC_PREPROCESSOR_DEFINITIONS = "DEBUG=1";
				GCC_SYMBOLS_PRIVATE_EXTERN = NO;
				GCC_VERSION = com.apple.compilers.llvm.clang.1_0;
				GCC_WARN_ABOUT_RETURN_TYPE = YES;
				GCC_WARN_UNINITIALIZED_AUTOS = YES;
				GCC_WARN_UNUSED_VARIABLE = YES;
				IPHONEOS_DEPLOYMENT_TARGET = 5.0;
				SDKROOT = iphoneos;
				TARGETED_DEVICE_FAMILY = "1,2";
			};
			name = Debug;
		};
		028B643E15265D690040D2FF /* Release */ = {
			isa = XCBuildConfiguration;
			buildSettings = {
				ALWAYS_SEARCH_USER_PATHS = NO;
				ARCHS = "$(ARCHS_STANDARD_32_BIT)";
				CLANG_ENABLE_OBJC_ARC = YES;
				"CODE_SIGN_IDENTITY[sdk=iphoneos*]" = "iPhone Developer";
				COPY_PHASE_STRIP = YES;
				GCC_C_LANGUAGE_STANDARD = gnu99;
				GCC_VERSION = com.apple.compilers.llvm.clang.1_0;
				GCC_WARN_ABOUT_RETURN_TYPE = YES;
				GCC_WARN_UNINITIALIZED_AUTOS = YES;
				GCC_WARN_UNUSED_VARIABLE = YES;
				IPHONEOS_DEPLOYMENT_TARGET = 5.0;
				OTHER_CFLAGS = "-DNS_BLOCK_ASSERTIONS=1";
				SDKROOT = iphoneos;
				TARGETED_DEVICE_FAMILY = "1,2";
				VALIDATE_PRODUCT = YES;
			};
			name = Release;
		};
		028B644015265D690040D2FF /* Debug */ = {
			isa = XCBuildConfiguration;
			baseConfigurationReference = 0266DFE016920437009C6CE8 /* Suitcase.xcconfig */;
			buildSettings = {
				GCC_PRECOMPILE_PREFIX_HEADER = YES;
				GCC_PREFIX_HEADER = "Suitcase/Suitcase-Prefix.pch";
				HEADER_SEARCH_PATHS = /usr/include/libxml2;
				INFOPLIST_FILE = "Suitcase/Suitcase-Info.plist";
				IPHONEOS_DEPLOYMENT_TARGET = 5.0;
				OTHER_LDFLAGS = "-lxml2";
				PRODUCT_NAME = "$(TARGET_NAME)";
				WRAPPER_EXTENSION = app;
			};
			name = Debug;
		};
		028B644115265D690040D2FF /* Release */ = {
			isa = XCBuildConfiguration;
			baseConfigurationReference = 0266DFE016920437009C6CE8 /* Suitcase.xcconfig */;
			buildSettings = {
				"CODE_SIGN_IDENTITY[sdk=iphoneos*]" = "iPhone Distribution";
				GCC_PRECOMPILE_PREFIX_HEADER = YES;
				GCC_PREFIX_HEADER = "Suitcase/Suitcase-Prefix.pch";
				HEADER_SEARCH_PATHS = /usr/include/libxml2;
				INFOPLIST_FILE = "Suitcase/Suitcase-Info.plist";
				IPHONEOS_DEPLOYMENT_TARGET = 5.0;
				OTHER_LDFLAGS = "-lxml2";
				PRODUCT_NAME = "$(TARGET_NAME)";
				"PROVISIONING_PROFILE[sdk=iphoneos*]" = "";
				WRAPPER_EXTENSION = app;
			};
			name = Release;
		};
		028B644315265D690040D2FF /* Debug */ = {
			isa = XCBuildConfiguration;
			buildSettings = {
				BUNDLE_LOADER = "$(BUILT_PRODUCTS_DIR)/Suitcase.app/Suitcase";
				FRAMEWORK_SEARCH_PATHS = (
					"$(SDKROOT)/Developer/Library/Frameworks",
					"$(DEVELOPER_LIBRARY_DIR)/Frameworks",
				);
				GCC_PRECOMPILE_PREFIX_HEADER = YES;
				GCC_PREFIX_HEADER = "Suitcase/Suitcase-Prefix.pch";
				INFOPLIST_FILE = "SuitcaseTests/SuitcaseTests-Info.plist";
				PRODUCT_NAME = "$(TARGET_NAME)";
				TEST_HOST = "$(BUNDLE_LOADER)";
				WRAPPER_EXTENSION = octest;
			};
			name = Debug;
		};
		028B644415265D690040D2FF /* Release */ = {
			isa = XCBuildConfiguration;
			buildSettings = {
				BUNDLE_LOADER = "$(BUILT_PRODUCTS_DIR)/Suitcase.app/Suitcase";
				FRAMEWORK_SEARCH_PATHS = (
					"$(SDKROOT)/Developer/Library/Frameworks",
					"$(DEVELOPER_LIBRARY_DIR)/Frameworks",
				);
				GCC_PRECOMPILE_PREFIX_HEADER = YES;
				GCC_PREFIX_HEADER = "Suitcase/Suitcase-Prefix.pch";
				INFOPLIST_FILE = "SuitcaseTests/SuitcaseTests-Info.plist";
				PRODUCT_NAME = "$(TARGET_NAME)";
				TEST_HOST = "$(BUNDLE_LOADER)";
				WRAPPER_EXTENSION = octest;
			};
			name = Release;
		};
/* End XCBuildConfiguration section */

/* Begin XCConfigurationList section */
		028B640015265D680040D2FF /* Build configuration list for PBXProject "Suitcase" */ = {
			isa = XCConfigurationList;
			buildConfigurations = (
				028B643D15265D690040D2FF /* Debug */,
				028B643E15265D690040D2FF /* Release */,
			);
			defaultConfigurationIsVisible = 0;
			defaultConfigurationName = Release;
		};
		028B643F15265D690040D2FF /* Build configuration list for PBXNativeTarget "Suitcase" */ = {
			isa = XCConfigurationList;
			buildConfigurations = (
				028B644015265D690040D2FF /* Debug */,
				028B644115265D690040D2FF /* Release */,
			);
			defaultConfigurationIsVisible = 0;
			defaultConfigurationName = Release;
		};
		028B644215265D690040D2FF /* Build configuration list for PBXNativeTarget "SuitcaseTests" */ = {
			isa = XCConfigurationList;
			buildConfigurations = (
				028B644315265D690040D2FF /* Debug */,
				028B644415265D690040D2FF /* Release */,
			);
			defaultConfigurationIsVisible = 0;
			defaultConfigurationName = Release;
		};
/* End XCConfigurationList section */
	};
	rootObject = 028B63FD15265D680040D2FF /* Project object */;
}
